
Microsoft Visual Studio Solution File, Format Version 12.00
# Visual Studio Version 17
VisualStudioVersion = 17.9.34616.47
MinimumVisualStudioVersion = 10.0.40219.1
Project("{8BC9CEB8-8B4A-11D0-8D11-00A0C91BC942}") = "5-b15", "5-b15\5-b15.vcxproj", "{A1B76B55-5FAA-43B8-B569-2A84845E5E83}"
EndProject
Project("{8BC9CEB8-8B4A-11D0-8D11-00A0C91BC942}") = "cpp", "cpp\cpp.vcxproj", "{8D70CEF7-1D1F-4235-B71F-A10938CA15FB}"
EndProject
Project("{8BC9CEB8-8B4A-11D0-8D11-00A0C91BC942}") = "5-b16-1", "5-b16-1\5-b16-1.vcxproj", "{FE43B1C8-906E-4162-A98E-BB917AECF51C}"
EndProject
Project("{8BC9CEB8-8B4A-11D0-8D11-00A0C91BC942}") = "5-b16-2", "5-b16-2\5-b16-2.vcxproj", "{A3F05494-1BDD-42CB-BAEF-261AF76A6F3F}"
EndProject
Project("{8BC9CEB8-8B4A-11D0-8D11-00A0C91BC942}") = "5-b16-3", "5-b16-3\5-b16-3.vcxproj", "{E3D6AB29-4C01-46E3-BF96-B977D7722903}"
EndProject
Project("{8BC9CEB8-8B4A-11D0-8D11-00A0C91BC942}") = "5-b16-4", "5-b16-4\5-b16-4.vcxproj", "{F2F7269A-500F-44C4-9AE3-6310D2B304FC}"
EndProject
Project("{8BC9CEB8-8B4A-11D0-8D11-00A0C91BC942}") = "5-b17", "5-b17\5-b17.vcxproj", "{B2C028A7-754D-4A7C-965B-180E51A343CB}"
EndProject
Project("{8BC9CEB8-8B4A-11D0-8D11-00A0C91BC942}") = "5-b18", "5-b18\5-b18.vcxproj", "{E428EBB0-CF5F-42FA-B358-D59938276EE5}"
EndProject
Global
	GlobalSection(SolutionConfigurationPlatforms) = preSolution
		Debug|x64 = Debug|x64
		Debug|x86 = Debug|x86
		Release|x64 = Release|x64
		Release|x86 = Release|x86
	EndGlobalSection
	GlobalSection(ProjectConfigurationPlatforms) = postSolution
		{A1B76B55-5FAA-43B8-B569-2A84845E5E83}.Debug|x64.ActiveCfg = Debug|x64
		{A1B76B55-5FAA-43B8-B569-2A84845E5E83}.Debug|x64.Build.0 = Debug|x64
		{A1B76B55-5FAA-43B8-B569-2A84845E5E83}.Debug|x86.ActiveCfg = Debug|Win32
		{A1B76B55-5FAA-43B8-B569-2A84845E5E83}.Debug|x86.Build.0 = Debug|Win32
		{A1B76B55-5FAA-43B8-B569-2A84845E5E83}.Release|x64.ActiveCfg = Release|x64
		{A1B76B55-5FAA-43B8-B569-2A84845E5E83}.Release|x64.Build.0 = Release|x64
		{A1B76B55-5FAA-43B8-B569-2A84845E5E83}.Release|x86.ActiveCfg = Release|Win32
		{A1B76B55-5FAA-43B8-B569-2A84845E5E83}.Release|x86.Build.0 = Release|Win32
		{8D70CEF7-1D1F-4235-B71F-A10938CA15FB}.Debug|x64.ActiveCfg = Debug|x64
		{8D70CEF7-1D1F-4235-B71F-A10938CA15FB}.Debug|x64.Build.0 = Debug|x64
		{8D70CEF7-1D1F-4235-B71F-A10938CA15FB}.Debug|x86.ActiveCfg = Debug|Win32
		{8D70CEF7-1D1F-4235-B71F-A10938CA15FB}.Debug|x86.Build.0 = Debug|Win32
		{8D70CEF7-1D1F-4235-B71F-A10938CA15FB}.Release|x64.ActiveCfg = Release|x64
		{8D70CEF7-1D1F-4235-B71F-A10938CA15FB}.Release|x64.Build.0 = Release|x64
		{8D70CEF7-1D1F-4235-B71F-A10938CA15FB}.Release|x86.ActiveCfg = Release|Win32
		{8D70CEF7-1D1F-4235-B71F-A10938CA15FB}.Release|x86.Build.0 = Release|Win32
		{FE43B1C8-906E-4162-A98E-BB917AECF51C}.Debug|x64.ActiveCfg = Debug|x64
		{FE43B1C8-906E-4162-A98E-BB917AECF51C}.Debug|x64.Build.0 = Debug|x64
		{FE43B1C8-906E-4162-A98E-BB917AECF51C}.Debug|x86.ActiveCfg = Debug|Win32
		{FE43B1C8-906E-4162-A98E-BB917AECF51C}.Debug|x86.Build.0 = Debug|Win32
		{FE43B1C8-906E-4162-A98E-BB917AECF51C}.Release|x64.ActiveCfg = Release|x64
		{FE43B1C8-906E-4162-A98E-BB917AECF51C}.Release|x64.Build.0 = Release|x64
		{FE43B1C8-906E-4162-A98E-BB917AECF51C}.Release|x86.ActiveCfg = Release|Win32
		{FE43B1C8-906E-4162-A98E-BB917AECF51C}.Release|x86.Build.0 = Release|Win32
		{A3F05494-1BDD-42CB-BAEF-261AF76A6F3F}.Debug|x64.ActiveCfg = Debug|x64
		{A3F05494-1BDD-42CB-BAEF-261AF76A6F3F}.Debug|x64.Build.0 = Debug|x64
		{A3F05494-1BDD-42CB-BAEF-261AF76A6F3F}.Debug|x86.ActiveCfg = Debug|Win32
		{A3F05494-1BDD-42CB-BAEF-261AF76A6F3F}.Debug|x86.Build.0 = Debug|Win32
		{A3F05494-1BDD-42CB-BAEF-261AF76A6F3F}.Release|x64.ActiveCfg = Release|x64
		{A3F05494-1BDD-42CB-BAEF-261AF76A6F3F}.Release|x64.Build.0 = Release|x64
		{A3F05494-1BDD-42CB-BAEF-261AF76A6F3F}.Release|x86.ActiveCfg = Release|Win32
		{A3F05494-1BDD-42CB-BAEF-261AF76A6F3F}.Release|x86.Build.0 = Release|Win32
		{E3D6AB29-4C01-46E3-BF96-B977D7722903}.Debug|x64.ActiveCfg = Debug|x64
		{E3D6AB29-4C01-46E3-BF96-B977D7722903}.Debug|x64.Build.0 = Debug|x64
		{E3D6AB29-4C01-46E3-BF96-B977D7722903}.Debug|x86.ActiveCfg = Debug|Win32
		{E3D6AB29-4C01-46E3-BF96-B977D7722903}.Debug|x86.Build.0 = Debug|Win32
		{E3D6AB29-4C01-46E3-BF96-B977D7722903}.Release|x64.ActiveCfg = Release|x64
		{E3D6AB29-4C01-46E3-BF96-B977D7722903}.Release|x64.Build.0 = Release|x64
		{E3D6AB29-4C01-46E3-BF96-B977D7722903}.Release|x86.ActiveCfg = Release|Win32
		{E3D6AB29-4C01-46E3-BF96-B977D7722903}.Release|x86.Build.0 = Release|Win32
		{F2F7269A-500F-44C4-9AE3-6310D2B304FC}.Debug|x64.ActiveCfg = Debug|x64
		{F2F7269A-500F-44C4-9AE3-6310D2B304FC}.Debug|x64.Build.0 = Debug|x64
		{F2F7269A-500F-44C4-9AE3-6310D2B304FC}.Debug|x86.ActiveCfg = Debug|Win32
		{F2F7269A-500F-44C4-9AE3-6310D2B304FC}.Debug|x86.Build.0 = Debug|Win32
		{F2F7269A-500F-44C4-9AE3-6310D2B304FC}.Release|x64.ActiveCfg = Release|x64
		{F2F7269A-500F-44C4-9AE3-6310D2B304FC}.Release|x64.Build.0 = Release|x64
		{F2F7269A-500F-44C4-9AE3-6310D2B304FC}.Release|x86.ActiveCfg = Release|Win32
		{F2F7269A-500F-44C4-9AE3-6310D2B304FC}.Release|x86.Build.0 = Release|Win32
		{B2C028A7-754D-4A7C-965B-180E51A343CB}.Debug|x64.ActiveCfg = Debug|x64
		{B2C028A7-754D-4A7C-965B-180E51A343CB}.Debug|x64.Build.0 = Debug|x64
		{B2C028A7-754D-4A7C-965B-180E51A343CB}.Debug|x86.ActiveCfg = Debug|Win32
		{B2C028A7-754D-4A7C-965B-180E51A343CB}.Debug|x86.Build.0 = Debug|Win32
		{B2C028A7-754D-4A7C-965B-180E51A343CB}.Release|x64.ActiveCfg = Release|x64
		{B2C028A7-754D-4A7C-965B-180E51A343CB}.Release|x64.Build.0 = Release|x64
		{B2C028A7-754D-4A7C-965B-180E51A343CB}.Release|x86.ActiveCfg = Release|Win32
		{B2C028A7-754D-4A7C-965B-180E51A343CB}.Release|x86.Build.0 = Release|Win32
		{E428EBB0-CF5F-42FA-B358-D59938276EE5}.Debug|x64.ActiveCfg = Debug|x64
		{E428EBB0-CF5F-42FA-B358-D59938276EE5}.Debug|x64.Build.0 = Debug|x64
		{E428EBB0-CF5F-42FA-B358-D59938276EE5}.Debug|x86.ActiveCfg = Debug|Win32
		{E428EBB0-CF5F-42FA-B358-D59938276EE5}.Debug|x86.Build.0 = Debug|Win32
		{E428EBB0-CF5F-42FA-B358-D59938276EE5}.Release|x64.ActiveCfg = Release|x64
		{E428EBB0-CF5F-42FA-B358-D59938276EE5}.Release|x64.Build.0 = Release|x64
		{E428EBB0-CF5F-42FA-B358-D59938276EE5}.Release|x86.ActiveCfg = Release|Win32
		{E428EBB0-CF5F-42FA-B358-D59938276EE5}.Release|x86.Build.0 = Release|Win32
	EndGlobalSection
	GlobalSection(SolutionProperties) = preSolution
		HideSolutionNode = FALSE
	EndGlobalSection
	GlobalSection(ExtensibilityGlobals) = postSolution
		SolutionGuid = {951A7B16-A878-4FDA-9FC0-19C137CF0646}
	EndGlobalSection
EndGlobal
