
Microsoft Visual Studio Solution File, Format Version 12.00
# Visual Studio Version 17
VisualStudioVersion = 17.12.35514.174
MinimumVisualStudioVersion = 10.0.40219.1
Project("{8BC9CEB8-8B4A-11D0-8D11-00A0C91BC942}") = "test", "test\test.vcxproj", "{74C1ED0A-A41C-487B-867C-3F770588D008}"
EndProject
Project("{8BC9CEB8-8B4A-11D0-8D11-00A0C91BC942}") = "16-b2-1", "16-b2-1\16-b2-1.vcxproj", "{C46756A4-C3C8-4864-9B6E-65F39198D853}"
EndProject
Project("{8BC9CEB8-8B4A-11D0-8D11-00A0C91BC942}") = "16-b2-2", "16-b2-2\16-b2-2.vcxproj", "{52D42261-6E47-44E0-A87C-C8F60AAD07E9}"
EndProject
Project("{8BC9CEB8-8B4A-11D0-8D11-00A0C91BC942}") = "16-b3-1", "16-b3-1\16-b3-1.vcxproj", "{33CAD530-F62B-4250-80CF-A5ABD4870F3F}"
EndProject
Project("{8BC9CEB8-8B4A-11D0-8D11-00A0C91BC942}") = "16-b3-2", "16-b3-2\16-b3-2.vcxproj", "{89021CFB-1264-4C0C-96F6-F8C11EB3AE1C}"
EndProject
Project("{8BC9CEB8-8B4A-11D0-8D11-00A0C91BC942}") = "16-b4", "16-b4\16-b4.vcxproj", "{BAB60253-86AA-4CF7-88B3-5BE90A9024FB}"
EndProject
Project("{8BC9CEB8-8B4A-11D0-8D11-00A0C91BC942}") = "16-b5", "16-b5\16-b5.vcxproj", "{FF1AEB3B-DAC5-4715-BF6F-B933F40EDD45}"
EndProject
Project("{8BC9CEB8-8B4A-11D0-8D11-00A0C91BC942}") = "16-b6", "16-b6\16-b6.vcxproj", "{1120E2B7-FC47-48FC-9647-0DB72DC8B7EC}"
EndProject
Project("{8BC9CEB8-8B4A-11D0-8D11-00A0C91BC942}") = "16-b7", "16-b7\16-b7.vcxproj", "{B04F503A-D8A6-481A-BE37-59A813BBB6EA}"
EndProject
Global
	GlobalSection(SolutionConfigurationPlatforms) = preSolution
		Debug|x64 = Debug|x64
		Debug|x86 = Debug|x86
		Release|x64 = Release|x64
		Release|x86 = Release|x86
	EndGlobalSection
	GlobalSection(ProjectConfigurationPlatforms) = postSolution
		{74C1ED0A-A41C-487B-867C-3F770588D008}.Debug|x64.ActiveCfg = Debug|x64
		{74C1ED0A-A41C-487B-867C-3F770588D008}.Debug|x64.Build.0 = Debug|x64
		{74C1ED0A-A41C-487B-867C-3F770588D008}.Debug|x86.ActiveCfg = Debug|Win32
		{74C1ED0A-A41C-487B-867C-3F770588D008}.Debug|x86.Build.0 = Debug|Win32
		{74C1ED0A-A41C-487B-867C-3F770588D008}.Release|x64.ActiveCfg = Release|x64
		{74C1ED0A-A41C-487B-867C-3F770588D008}.Release|x64.Build.0 = Release|x64
		{74C1ED0A-A41C-487B-867C-3F770588D008}.Release|x86.ActiveCfg = Release|Win32
		{74C1ED0A-A41C-487B-867C-3F770588D008}.Release|x86.Build.0 = Release|Win32
		{C46756A4-C3C8-4864-9B6E-65F39198D853}.Debug|x64.ActiveCfg = Debug|x64
		{C46756A4-C3C8-4864-9B6E-65F39198D853}.Debug|x64.Build.0 = Debug|x64
		{C46756A4-C3C8-4864-9B6E-65F39198D853}.Debug|x86.ActiveCfg = Debug|Win32
		{C46756A4-C3C8-4864-9B6E-65F39198D853}.Debug|x86.Build.0 = Debug|Win32
		{C46756A4-C3C8-4864-9B6E-65F39198D853}.Release|x64.ActiveCfg = Release|x64
		{C46756A4-C3C8-4864-9B6E-65F39198D853}.Release|x64.Build.0 = Release|x64
		{C46756A4-C3C8-4864-9B6E-65F39198D853}.Release|x86.ActiveCfg = Release|Win32
		{C46756A4-C3C8-4864-9B6E-65F39198D853}.Release|x86.Build.0 = Release|Win32
		{52D42261-6E47-44E0-A87C-C8F60AAD07E9}.Debug|x64.ActiveCfg = Debug|x64
		{52D42261-6E47-44E0-A87C-C8F60AAD07E9}.Debug|x64.Build.0 = Debug|x64
		{52D42261-6E47-44E0-A87C-C8F60AAD07E9}.Debug|x86.ActiveCfg = Debug|Win32
		{52D42261-6E47-44E0-A87C-C8F60AAD07E9}.Debug|x86.Build.0 = Debug|Win32
		{52D42261-6E47-44E0-A87C-C8F60AAD07E9}.Release|x64.ActiveCfg = Release|x64
		{52D42261-6E47-44E0-A87C-C8F60AAD07E9}.Release|x64.Build.0 = Release|x64
		{52D42261-6E47-44E0-A87C-C8F60AAD07E9}.Release|x86.ActiveCfg = Release|Win32
		{52D42261-6E47-44E0-A87C-C8F60AAD07E9}.Release|x86.Build.0 = Release|Win32
		{33CAD530-F62B-4250-80CF-A5ABD4870F3F}.Debug|x64.ActiveCfg = Debug|x64
		{33CAD530-F62B-4250-80CF-A5ABD4870F3F}.Debug|x64.Build.0 = Debug|x64
		{33CAD530-F62B-4250-80CF-A5ABD4870F3F}.Debug|x86.ActiveCfg = Debug|Win32
		{33CAD530-F62B-4250-80CF-A5ABD4870F3F}.Debug|x86.Build.0 = Debug|Win32
		{33CAD530-F62B-4250-80CF-A5ABD4870F3F}.Release|x64.ActiveCfg = Release|x64
		{33CAD530-F62B-4250-80CF-A5ABD4870F3F}.Release|x64.Build.0 = Release|x64
		{33CAD530-F62B-4250-80CF-A5ABD4870F3F}.Release|x86.ActiveCfg = Release|Win32
		{33CAD530-F62B-4250-80CF-A5ABD4870F3F}.Release|x86.Build.0 = Release|Win32
		{89021CFB-1264-4C0C-96F6-F8C11EB3AE1C}.Debug|x64.ActiveCfg = Debug|x64
		{89021CFB-1264-4C0C-96F6-F8C11EB3AE1C}.Debug|x64.Build.0 = Debug|x64
		{89021CFB-1264-4C0C-96F6-F8C11EB3AE1C}.Debug|x86.ActiveCfg = Debug|Win32
		{89021CFB-1264-4C0C-96F6-F8C11EB3AE1C}.Debug|x86.Build.0 = Debug|Win32
		{89021CFB-1264-4C0C-96F6-F8C11EB3AE1C}.Release|x64.ActiveCfg = Release|x64
		{89021CFB-1264-4C0C-96F6-F8C11EB3AE1C}.Release|x64.Build.0 = Release|x64
		{89021CFB-1264-4C0C-96F6-F8C11EB3AE1C}.Release|x86.ActiveCfg = Release|Win32
		{89021CFB-1264-4C0C-96F6-F8C11EB3AE1C}.Release|x86.Build.0 = Release|Win32
		{BAB60253-86AA-4CF7-88B3-5BE90A9024FB}.Debug|x64.ActiveCfg = Debug|x64
		{BAB60253-86AA-4CF7-88B3-5BE90A9024FB}.Debug|x64.Build.0 = Debug|x64
		{BAB60253-86AA-4CF7-88B3-5BE90A9024FB}.Debug|x86.ActiveCfg = Debug|Win32
		{BAB60253-86AA-4CF7-88B3-5BE90A9024FB}.Debug|x86.Build.0 = Debug|Win32
		{BAB60253-86AA-4CF7-88B3-5BE90A9024FB}.Release|x64.ActiveCfg = Release|x64
		{BAB60253-86AA-4CF7-88B3-5BE90A9024FB}.Release|x64.Build.0 = Release|x64
		{BAB60253-86AA-4CF7-88B3-5BE90A9024FB}.Release|x86.ActiveCfg = Release|Win32
		{BAB60253-86AA-4CF7-88B3-5BE90A9024FB}.Release|x86.Build.0 = Release|Win32
		{FF1AEB3B-DAC5-4715-BF6F-B933F40EDD45}.Debug|x64.ActiveCfg = Debug|x64
		{FF1AEB3B-DAC5-4715-BF6F-B933F40EDD45}.Debug|x64.Build.0 = Debug|x64
		{FF1AEB3B-DAC5-4715-BF6F-B933F40EDD45}.Debug|x86.ActiveCfg = Debug|Win32
		{FF1AEB3B-DAC5-4715-BF6F-B933F40EDD45}.Debug|x86.Build.0 = Debug|Win32
		{FF1AEB3B-DAC5-4715-BF6F-B933F40EDD45}.Release|x64.ActiveCfg = Release|x64
		{FF1AEB3B-DAC5-4715-BF6F-B933F40EDD45}.Release|x64.Build.0 = Release|x64
		{FF1AEB3B-DAC5-4715-BF6F-B933F40EDD45}.Release|x86.ActiveCfg = Release|Win32
		{FF1AEB3B-DAC5-4715-BF6F-B933F40EDD45}.Release|x86.Build.0 = Release|Win32
		{1120E2B7-FC47-48FC-9647-0DB72DC8B7EC}.Debug|x64.ActiveCfg = Debug|x64
		{1120E2B7-FC47-48FC-9647-0DB72DC8B7EC}.Debug|x64.Build.0 = Debug|x64
		{1120E2B7-FC47-48FC-9647-0DB72DC8B7EC}.Debug|x86.ActiveCfg = Debug|Win32
		{1120E2B7-FC47-48FC-9647-0DB72DC8B7EC}.Debug|x86.Build.0 = Debug|Win32
		{1120E2B7-FC47-48FC-9647-0DB72DC8B7EC}.Release|x64.ActiveCfg = Release|x64
		{1120E2B7-FC47-48FC-9647-0DB72DC8B7EC}.Release|x64.Build.0 = Release|x64
		{1120E2B7-FC47-48FC-9647-0DB72DC8B7EC}.Release|x86.ActiveCfg = Release|Win32
		{1120E2B7-FC47-48FC-9647-0DB72DC8B7EC}.Release|x86.Build.0 = Release|Win32
		{B04F503A-D8A6-481A-BE37-59A813BBB6EA}.Debug|x64.ActiveCfg = Debug|x64
		{B04F503A-D8A6-481A-BE37-59A813BBB6EA}.Debug|x64.Build.0 = Debug|x64
		{B04F503A-D8A6-481A-BE37-59A813BBB6EA}.Debug|x86.ActiveCfg = Debug|Win32
		{B04F503A-D8A6-481A-BE37-59A813BBB6EA}.Debug|x86.Build.0 = Debug|Win32
		{B04F503A-D8A6-481A-BE37-59A813BBB6EA}.Release|x64.ActiveCfg = Release|x64
		{B04F503A-D8A6-481A-BE37-59A813BBB6EA}.Release|x64.Build.0 = Release|x64
		{B04F503A-D8A6-481A-BE37-59A813BBB6EA}.Release|x86.ActiveCfg = Release|Win32
		{B04F503A-D8A6-481A-BE37-59A813BBB6EA}.Release|x86.Build.0 = Release|Win32
	EndGlobalSection
	GlobalSection(SolutionProperties) = preSolution
		HideSolutionNode = FALSE
	EndGlobalSection
EndGlobal
