
Microsoft Visual Studio Solution File, Format Version 12.00
# Visual Studio Version 17
VisualStudioVersion = 17.9.34616.47
MinimumVisualStudioVersion = 10.0.40219.1
Project("{8BC9CEB8-8B4A-11D0-8D11-00A0C91BC942}") = "6-b1", "6-b1\6-b1.vcxproj", "{53CFA043-951E-433E-B112-A975CF9CBCD7}"
EndProject
Project("{8BC9CEB8-8B4A-11D0-8D11-00A0C91BC942}") = "6-b2", "6-b2\6-b2.vcxproj", "{FC8DA777-061C-4427-A2F4-E3A3C950D1F8}"
EndProject
Project("{8BC9CEB8-8B4A-11D0-8D11-00A0C91BC942}") = "6-b3", "6-b3\6-b3.vcxproj", "{31C91EFB-CDFD-48DC-B271-E759A4D16E5F}"
EndProject
Project("{8BC9CEB8-8B4A-11D0-8D11-00A0C91BC942}") = "6-b4", "6-b4\6-b4.vcxproj", "{76279CFC-42AF-400B-BC2B-ADA473CBD1E5}"
EndProject
Project("{8BC9CEB8-8B4A-11D0-8D11-00A0C91BC942}") = "cpp", "cpp\cpp.vcxproj", "{FAC05E37-6B7D-4FE3-BC97-2A0E61CE79A7}"
EndProject
Project("{8BC9CEB8-8B4A-11D0-8D11-00A0C91BC942}") = "week14-1", "week14-1\week14-1.vcxproj", "{A4DAAFE4-32EF-4F1F-8FB7-CE73194B869C}"
EndProject
Project("{8BC9CEB8-8B4A-11D0-8D11-00A0C91BC942}") = "week14-2", "week14-2\week14-2.vcxproj", "{EF37B509-97A6-4C77-8EB6-5B9E4E9C86E4}"
EndProject
Project("{8BC9CEB8-8B4A-11D0-8D11-00A0C91BC942}") = "test", "test\test.vcxproj", "{DCD10803-D4A0-4F95-9CA6-E9EA95C20765}"
EndProject
Project("{8BC9CEB8-8B4A-11D0-8D11-00A0C91BC942}") = "7-b1", "7-b1\7-b1.vcxproj", "{A40A12D5-5EB5-436F-AF48-57B1C31F485C}"
EndProject
Project("{8BC9CEB8-8B4A-11D0-8D11-00A0C91BC942}") = "7-b3", "7-b3\7-b3.vcxproj", "{3F82E44F-CFEA-4220-9AC6-2519A40C3296}"
EndProject
Project("{8BC9CEB8-8B4A-11D0-8D11-00A0C91BC942}") = "7-b4-1", "7-b4-1\7-b4-1.vcxproj", "{FB0A28C9-4157-48BA-BA56-B2129BF84F82}"
EndProject
Project("{8BC9CEB8-8B4A-11D0-8D11-00A0C91BC942}") = "7-b4-2", "7-b4-2\7-b4-2.vcxproj", "{AA985A6B-3993-4CEB-924A-FA24DAB58613}"
EndProject
Project("{8BC9CEB8-8B4A-11D0-8D11-00A0C91BC942}") = "7-b5", "7-b5\7-b5.vcxproj", "{459814BD-A063-472F-BEED-ABE8A36804A8}"
EndProject
Project("{8BC9CEB8-8B4A-11D0-8D11-00A0C91BC942}") = "c", "c\c.vcxproj", "{5CE65505-8D27-4A79-B6CA-9B817904F337}"
EndProject
Global
	GlobalSection(SolutionConfigurationPlatforms) = preSolution
		Debug|x64 = Debug|x64
		Debug|x86 = Debug|x86
		Release|x64 = Release|x64
		Release|x86 = Release|x86
	EndGlobalSection
	GlobalSection(ProjectConfigurationPlatforms) = postSolution
		{53CFA043-951E-433E-B112-A975CF9CBCD7}.Debug|x64.ActiveCfg = Debug|x64
		{53CFA043-951E-433E-B112-A975CF9CBCD7}.Debug|x64.Build.0 = Debug|x64
		{53CFA043-951E-433E-B112-A975CF9CBCD7}.Debug|x86.ActiveCfg = Debug|Win32
		{53CFA043-951E-433E-B112-A975CF9CBCD7}.Debug|x86.Build.0 = Debug|Win32
		{53CFA043-951E-433E-B112-A975CF9CBCD7}.Release|x64.ActiveCfg = Release|x64
		{53CFA043-951E-433E-B112-A975CF9CBCD7}.Release|x64.Build.0 = Release|x64
		{53CFA043-951E-433E-B112-A975CF9CBCD7}.Release|x86.ActiveCfg = Release|Win32
		{53CFA043-951E-433E-B112-A975CF9CBCD7}.Release|x86.Build.0 = Release|Win32
		{FC8DA777-061C-4427-A2F4-E3A3C950D1F8}.Debug|x64.ActiveCfg = Debug|x64
		{FC8DA777-061C-4427-A2F4-E3A3C950D1F8}.Debug|x64.Build.0 = Debug|x64
		{FC8DA777-061C-4427-A2F4-E3A3C950D1F8}.Debug|x86.ActiveCfg = Debug|Win32
		{FC8DA777-061C-4427-A2F4-E3A3C950D1F8}.Debug|x86.Build.0 = Debug|Win32
		{FC8DA777-061C-4427-A2F4-E3A3C950D1F8}.Release|x64.ActiveCfg = Release|x64
		{FC8DA777-061C-4427-A2F4-E3A3C950D1F8}.Release|x64.Build.0 = Release|x64
		{FC8DA777-061C-4427-A2F4-E3A3C950D1F8}.Release|x86.ActiveCfg = Release|Win32
		{FC8DA777-061C-4427-A2F4-E3A3C950D1F8}.Release|x86.Build.0 = Release|Win32
		{31C91EFB-CDFD-48DC-B271-E759A4D16E5F}.Debug|x64.ActiveCfg = Debug|x64
		{31C91EFB-CDFD-48DC-B271-E759A4D16E5F}.Debug|x64.Build.0 = Debug|x64
		{31C91EFB-CDFD-48DC-B271-E759A4D16E5F}.Debug|x86.ActiveCfg = Debug|Win32
		{31C91EFB-CDFD-48DC-B271-E759A4D16E5F}.Debug|x86.Build.0 = Debug|Win32
		{31C91EFB-CDFD-48DC-B271-E759A4D16E5F}.Release|x64.ActiveCfg = Release|x64
		{31C91EFB-CDFD-48DC-B271-E759A4D16E5F}.Release|x64.Build.0 = Release|x64
		{31C91EFB-CDFD-48DC-B271-E759A4D16E5F}.Release|x86.ActiveCfg = Release|Win32
		{31C91EFB-CDFD-48DC-B271-E759A4D16E5F}.Release|x86.Build.0 = Release|Win32
		{76279CFC-42AF-400B-BC2B-ADA473CBD1E5}.Debug|x64.ActiveCfg = Debug|x64
		{76279CFC-42AF-400B-BC2B-ADA473CBD1E5}.Debug|x64.Build.0 = Debug|x64
		{76279CFC-42AF-400B-BC2B-ADA473CBD1E5}.Debug|x86.ActiveCfg = Debug|Win32
		{76279CFC-42AF-400B-BC2B-ADA473CBD1E5}.Debug|x86.Build.0 = Debug|Win32
		{76279CFC-42AF-400B-BC2B-ADA473CBD1E5}.Release|x64.ActiveCfg = Release|x64
		{76279CFC-42AF-400B-BC2B-ADA473CBD1E5}.Release|x64.Build.0 = Release|x64
		{76279CFC-42AF-400B-BC2B-ADA473CBD1E5}.Release|x86.ActiveCfg = Release|Win32
		{76279CFC-42AF-400B-BC2B-ADA473CBD1E5}.Release|x86.Build.0 = Release|Win32
		{FAC05E37-6B7D-4FE3-BC97-2A0E61CE79A7}.Debug|x64.ActiveCfg = Debug|x64
		{FAC05E37-6B7D-4FE3-BC97-2A0E61CE79A7}.Debug|x64.Build.0 = Debug|x64
		{FAC05E37-6B7D-4FE3-BC97-2A0E61CE79A7}.Debug|x86.ActiveCfg = Debug|Win32
		{FAC05E37-6B7D-4FE3-BC97-2A0E61CE79A7}.Debug|x86.Build.0 = Debug|Win32
		{FAC05E37-6B7D-4FE3-BC97-2A0E61CE79A7}.Release|x64.ActiveCfg = Release|x64
		{FAC05E37-6B7D-4FE3-BC97-2A0E61CE79A7}.Release|x64.Build.0 = Release|x64
		{FAC05E37-6B7D-4FE3-BC97-2A0E61CE79A7}.Release|x86.ActiveCfg = Release|Win32
		{FAC05E37-6B7D-4FE3-BC97-2A0E61CE79A7}.Release|x86.Build.0 = Release|Win32
		{A4DAAFE4-32EF-4F1F-8FB7-CE73194B869C}.Debug|x64.ActiveCfg = Debug|x64
		{A4DAAFE4-32EF-4F1F-8FB7-CE73194B869C}.Debug|x64.Build.0 = Debug|x64
		{A4DAAFE4-32EF-4F1F-8FB7-CE73194B869C}.Debug|x86.ActiveCfg = Debug|Win32
		{A4DAAFE4-32EF-4F1F-8FB7-CE73194B869C}.Debug|x86.Build.0 = Debug|Win32
		{A4DAAFE4-32EF-4F1F-8FB7-CE73194B869C}.Release|x64.ActiveCfg = Release|x64
		{A4DAAFE4-32EF-4F1F-8FB7-CE73194B869C}.Release|x64.Build.0 = Release|x64
		{A4DAAFE4-32EF-4F1F-8FB7-CE73194B869C}.Release|x86.ActiveCfg = Release|Win32
		{A4DAAFE4-32EF-4F1F-8FB7-CE73194B869C}.Release|x86.Build.0 = Release|Win32
		{EF37B509-97A6-4C77-8EB6-5B9E4E9C86E4}.Debug|x64.ActiveCfg = Debug|x64
		{EF37B509-97A6-4C77-8EB6-5B9E4E9C86E4}.Debug|x64.Build.0 = Debug|x64
		{EF37B509-97A6-4C77-8EB6-5B9E4E9C86E4}.Debug|x86.ActiveCfg = Debug|Win32
		{EF37B509-97A6-4C77-8EB6-5B9E4E9C86E4}.Debug|x86.Build.0 = Debug|Win32
		{EF37B509-97A6-4C77-8EB6-5B9E4E9C86E4}.Release|x64.ActiveCfg = Release|x64
		{EF37B509-97A6-4C77-8EB6-5B9E4E9C86E4}.Release|x64.Build.0 = Release|x64
		{EF37B509-97A6-4C77-8EB6-5B9E4E9C86E4}.Release|x86.ActiveCfg = Release|Win32
		{EF37B509-97A6-4C77-8EB6-5B9E4E9C86E4}.Release|x86.Build.0 = Release|Win32
		{DCD10803-D4A0-4F95-9CA6-E9EA95C20765}.Debug|x64.ActiveCfg = Debug|x64
		{DCD10803-D4A0-4F95-9CA6-E9EA95C20765}.Debug|x64.Build.0 = Debug|x64
		{DCD10803-D4A0-4F95-9CA6-E9EA95C20765}.Debug|x86.ActiveCfg = Debug|Win32
		{DCD10803-D4A0-4F95-9CA6-E9EA95C20765}.Debug|x86.Build.0 = Debug|Win32
		{DCD10803-D4A0-4F95-9CA6-E9EA95C20765}.Release|x64.ActiveCfg = Release|x64
		{DCD10803-D4A0-4F95-9CA6-E9EA95C20765}.Release|x64.Build.0 = Release|x64
		{DCD10803-D4A0-4F95-9CA6-E9EA95C20765}.Release|x86.ActiveCfg = Release|Win32
		{DCD10803-D4A0-4F95-9CA6-E9EA95C20765}.Release|x86.Build.0 = Release|Win32
		{A40A12D5-5EB5-436F-AF48-57B1C31F485C}.Debug|x64.ActiveCfg = Debug|x64
		{A40A12D5-5EB5-436F-AF48-57B1C31F485C}.Debug|x64.Build.0 = Debug|x64
		{A40A12D5-5EB5-436F-AF48-57B1C31F485C}.Debug|x86.ActiveCfg = Debug|Win32
		{A40A12D5-5EB5-436F-AF48-57B1C31F485C}.Debug|x86.Build.0 = Debug|Win32
		{A40A12D5-5EB5-436F-AF48-57B1C31F485C}.Release|x64.ActiveCfg = Release|x64
		{A40A12D5-5EB5-436F-AF48-57B1C31F485C}.Release|x64.Build.0 = Release|x64
		{A40A12D5-5EB5-436F-AF48-57B1C31F485C}.Release|x86.ActiveCfg = Release|Win32
		{A40A12D5-5EB5-436F-AF48-57B1C31F485C}.Release|x86.Build.0 = Release|Win32
		{3F82E44F-CFEA-4220-9AC6-2519A40C3296}.Debug|x64.ActiveCfg = Debug|x64
		{3F82E44F-CFEA-4220-9AC6-2519A40C3296}.Debug|x64.Build.0 = Debug|x64
		{3F82E44F-CFEA-4220-9AC6-2519A40C3296}.Debug|x86.ActiveCfg = Debug|Win32
		{3F82E44F-CFEA-4220-9AC6-2519A40C3296}.Debug|x86.Build.0 = Debug|Win32
		{3F82E44F-CFEA-4220-9AC6-2519A40C3296}.Release|x64.ActiveCfg = Release|x64
		{3F82E44F-CFEA-4220-9AC6-2519A40C3296}.Release|x64.Build.0 = Release|x64
		{3F82E44F-CFEA-4220-9AC6-2519A40C3296}.Release|x86.ActiveCfg = Release|Win32
		{3F82E44F-CFEA-4220-9AC6-2519A40C3296}.Release|x86.Build.0 = Release|Win32
		{FB0A28C9-4157-48BA-BA56-B2129BF84F82}.Debug|x64.ActiveCfg = Debug|x64
		{FB0A28C9-4157-48BA-BA56-B2129BF84F82}.Debug|x64.Build.0 = Debug|x64
		{FB0A28C9-4157-48BA-BA56-B2129BF84F82}.Debug|x86.ActiveCfg = Debug|Win32
		{FB0A28C9-4157-48BA-BA56-B2129BF84F82}.Debug|x86.Build.0 = Debug|Win32
		{FB0A28C9-4157-48BA-BA56-B2129BF84F82}.Release|x64.ActiveCfg = Release|x64
		{FB0A28C9-4157-48BA-BA56-B2129BF84F82}.Release|x64.Build.0 = Release|x64
		{FB0A28C9-4157-48BA-BA56-B2129BF84F82}.Release|x86.ActiveCfg = Release|Win32
		{FB0A28C9-4157-48BA-BA56-B2129BF84F82}.Release|x86.Build.0 = Release|Win32
		{AA985A6B-3993-4CEB-924A-FA24DAB58613}.Debug|x64.ActiveCfg = Debug|x64
		{AA985A6B-3993-4CEB-924A-FA24DAB58613}.Debug|x64.Build.0 = Debug|x64
		{AA985A6B-3993-4CEB-924A-FA24DAB58613}.Debug|x86.ActiveCfg = Debug|Win32
		{AA985A6B-3993-4CEB-924A-FA24DAB58613}.Debug|x86.Build.0 = Debug|Win32
		{AA985A6B-3993-4CEB-924A-FA24DAB58613}.Release|x64.ActiveCfg = Release|x64
		{AA985A6B-3993-4CEB-924A-FA24DAB58613}.Release|x64.Build.0 = Release|x64
		{AA985A6B-3993-4CEB-924A-FA24DAB58613}.Release|x86.ActiveCfg = Release|Win32
		{AA985A6B-3993-4CEB-924A-FA24DAB58613}.Release|x86.Build.0 = Release|Win32
		{459814BD-A063-472F-BEED-ABE8A36804A8}.Debug|x64.ActiveCfg = Debug|x64
		{459814BD-A063-472F-BEED-ABE8A36804A8}.Debug|x64.Build.0 = Debug|x64
		{459814BD-A063-472F-BEED-ABE8A36804A8}.Debug|x86.ActiveCfg = Debug|Win32
		{459814BD-A063-472F-BEED-ABE8A36804A8}.Debug|x86.Build.0 = Debug|Win32
		{459814BD-A063-472F-BEED-ABE8A36804A8}.Release|x64.ActiveCfg = Release|x64
		{459814BD-A063-472F-BEED-ABE8A36804A8}.Release|x64.Build.0 = Release|x64
		{459814BD-A063-472F-BEED-ABE8A36804A8}.Release|x86.ActiveCfg = Release|Win32
		{459814BD-A063-472F-BEED-ABE8A36804A8}.Release|x86.Build.0 = Release|Win32
		{5CE65505-8D27-4A79-B6CA-9B817904F337}.Debug|x64.ActiveCfg = Debug|x64
		{5CE65505-8D27-4A79-B6CA-9B817904F337}.Debug|x64.Build.0 = Debug|x64
		{5CE65505-8D27-4A79-B6CA-9B817904F337}.Debug|x86.ActiveCfg = Debug|Win32
		{5CE65505-8D27-4A79-B6CA-9B817904F337}.Debug|x86.Build.0 = Debug|Win32
		{5CE65505-8D27-4A79-B6CA-9B817904F337}.Release|x64.ActiveCfg = Release|x64
		{5CE65505-8D27-4A79-B6CA-9B817904F337}.Release|x64.Build.0 = Release|x64
		{5CE65505-8D27-4A79-B6CA-9B817904F337}.Release|x86.ActiveCfg = Release|Win32
		{5CE65505-8D27-4A79-B6CA-9B817904F337}.Release|x86.Build.0 = Release|Win32
	EndGlobalSection
	GlobalSection(SolutionProperties) = preSolution
		HideSolutionNode = FALSE
	EndGlobalSection
	GlobalSection(ExtensibilityGlobals) = postSolution
		SolutionGuid = {EB3A1424-40E8-4BDB-A5C8-35740A529967}
	EndGlobalSection
EndGlobal
