
Microsoft Visual Studio Solution File, Format Version 12.00
# Visual Studio Version 17
VisualStudioVersion = 17.11.35303.130
MinimumVisualStudioVersion = 10.0.40219.1
Project("{8BC9CEB8-8B4A-11D0-8D11-00A0C91BC942}") = "test", "test\test.vcxproj", "{BDFC1F85-1E6A-442E-9B80-9017894188D9}"
EndProject
Project("{8BC9CEB8-8B4A-11D0-8D11-00A0C91BC942}") = "12-b2-1", "12-b2-1\12-b2-1.vcxproj", "{95F5FE4D-35E8-497D-BC82-B341DC813349}"
EndProject
Project("{8BC9CEB8-8B4A-11D0-8D11-00A0C91BC942}") = "12-b2-2", "12-b2-2\12-b2-2.vcxproj", "{55C9A836-58EE-4613-9AAE-5C141B2E27F8}"
EndProject
Project("{8BC9CEB8-8B4A-11D0-8D11-00A0C91BC942}") = "12-b2-3", "12-b2-3\12-b2-3.vcxproj", "{5C1508B0-D371-43EF-9644-628A9AE1A906}"
EndProject
Project("{8BC9CEB8-8B4A-11D0-8D11-00A0C91BC942}") = "12-b2-4", "12-b2-4\12-b2-4.vcxproj", "{B8101597-21F3-40FC-86B4-43808FE3FED5}"
EndProject
Project("{8BC9CEB8-8B4A-11D0-8D11-00A0C91BC942}") = "13-b3-1", "13-b3-1\13-b3-1.vcxproj", "{9528751B-58EA-4999-ABA0-CEDA5058D019}"
EndProject
Project("{8BC9CEB8-8B4A-11D0-8D11-00A0C91BC942}") = "13-b3-2", "13-b3-2\13-b3-2.vcxproj", "{9360A1CF-BF6C-4293-839B-21AF87C136EA}"
EndProject
Project("{8BC9CEB8-8B4A-11D0-8D11-00A0C91BC942}") = "13-b4-1", "13-b4-1\13-b4-1.vcxproj", "{5DE09ACE-D6CB-4D0E-AF4B-C9DB27C38E75}"
EndProject
Project("{8BC9CEB8-8B4A-11D0-8D11-00A0C91BC942}") = "13-b4-2", "13-b4-2\13-b4-2.vcxproj", "{A9D817CA-113D-430C-9F14-B0FA928BB5F8}"
EndProject
Project("{8BC9CEB8-8B4A-11D0-8D11-00A0C91BC942}") = "13-b5", "13-b5\13-b5.vcxproj", "{D44C95DC-2CF0-4BE8-BBCA-301AACE53F20}"
EndProject
Project("{8BC9CEB8-8B4A-11D0-8D11-00A0C91BC942}") = "12-b6", "12-b6\12-b6.vcxproj", "{41CDEBB2-2905-4A75-9EF9-2A408FCEC0F2}"
EndProject
Project("{8BC9CEB8-8B4A-11D0-8D11-00A0C91BC942}") = "13-b6", "13-b6\13-b6.vcxproj", "{36134564-F5DC-4D7F-998E-8AB3DA6F6FAF}"
EndProject
Project("{8BC9CEB8-8B4A-11D0-8D11-00A0C91BC942}") = "13-b7", "13-b7\13-b7.vcxproj", "{68A310DE-7241-4BAD-BC52-BB41C9E36391}"
EndProject
Project("{8BC9CEB8-8B4A-11D0-8D11-00A0C91BC942}") = "13-b7-2", "13-b7-2\13-b7-2.vcxproj", "{E9306916-2AC4-443B-B3DC-0A7FB9E46474}"
EndProject
Project("{8BC9CEB8-8B4A-11D0-8D11-00A0C91BC942}") = "13-b8-1", "13-b8-1\13-b8-1.vcxproj", "{A19CF38C-489F-4BB7-9C63-EFB9F08F63FA}"
EndProject
Project("{8BC9CEB8-8B4A-11D0-8D11-00A0C91BC942}") = "13-b8-2", "13-b8-2\13-b8-2.vcxproj", "{33B2C28B-798F-4CA2-BAD7-42B22820D5E6}"
EndProject
Global
	GlobalSection(SolutionConfigurationPlatforms) = preSolution
		Debug|x64 = Debug|x64
		Debug|x86 = Debug|x86
		Release|x64 = Release|x64
		Release|x86 = Release|x86
	EndGlobalSection
	GlobalSection(ProjectConfigurationPlatforms) = postSolution
		{BDFC1F85-1E6A-442E-9B80-9017894188D9}.Debug|x64.ActiveCfg = Debug|x64
		{BDFC1F85-1E6A-442E-9B80-9017894188D9}.Debug|x64.Build.0 = Debug|x64
		{BDFC1F85-1E6A-442E-9B80-9017894188D9}.Debug|x86.ActiveCfg = Debug|Win32
		{BDFC1F85-1E6A-442E-9B80-9017894188D9}.Debug|x86.Build.0 = Debug|Win32
		{BDFC1F85-1E6A-442E-9B80-9017894188D9}.Release|x64.ActiveCfg = Release|x64
		{BDFC1F85-1E6A-442E-9B80-9017894188D9}.Release|x64.Build.0 = Release|x64
		{BDFC1F85-1E6A-442E-9B80-9017894188D9}.Release|x86.ActiveCfg = Release|Win32
		{BDFC1F85-1E6A-442E-9B80-9017894188D9}.Release|x86.Build.0 = Release|Win32
		{95F5FE4D-35E8-497D-BC82-B341DC813349}.Debug|x64.ActiveCfg = Debug|x64
		{95F5FE4D-35E8-497D-BC82-B341DC813349}.Debug|x64.Build.0 = Debug|x64
		{95F5FE4D-35E8-497D-BC82-B341DC813349}.Debug|x86.ActiveCfg = Debug|Win32
		{95F5FE4D-35E8-497D-BC82-B341DC813349}.Debug|x86.Build.0 = Debug|Win32
		{95F5FE4D-35E8-497D-BC82-B341DC813349}.Release|x64.ActiveCfg = Release|x64
		{95F5FE4D-35E8-497D-BC82-B341DC813349}.Release|x64.Build.0 = Release|x64
		{95F5FE4D-35E8-497D-BC82-B341DC813349}.Release|x86.ActiveCfg = Release|Win32
		{95F5FE4D-35E8-497D-BC82-B341DC813349}.Release|x86.Build.0 = Release|Win32
		{55C9A836-58EE-4613-9AAE-5C141B2E27F8}.Debug|x64.ActiveCfg = Debug|x64
		{55C9A836-58EE-4613-9AAE-5C141B2E27F8}.Debug|x64.Build.0 = Debug|x64
		{55C9A836-58EE-4613-9AAE-5C141B2E27F8}.Debug|x86.ActiveCfg = Debug|Win32
		{55C9A836-58EE-4613-9AAE-5C141B2E27F8}.Debug|x86.Build.0 = Debug|Win32
		{55C9A836-58EE-4613-9AAE-5C141B2E27F8}.Release|x64.ActiveCfg = Release|x64
		{55C9A836-58EE-4613-9AAE-5C141B2E27F8}.Release|x64.Build.0 = Release|x64
		{55C9A836-58EE-4613-9AAE-5C141B2E27F8}.Release|x86.ActiveCfg = Release|Win32
		{55C9A836-58EE-4613-9AAE-5C141B2E27F8}.Release|x86.Build.0 = Release|Win32
		{5C1508B0-D371-43EF-9644-628A9AE1A906}.Debug|x64.ActiveCfg = Debug|x64
		{5C1508B0-D371-43EF-9644-628A9AE1A906}.Debug|x64.Build.0 = Debug|x64
		{5C1508B0-D371-43EF-9644-628A9AE1A906}.Debug|x86.ActiveCfg = Debug|Win32
		{5C1508B0-D371-43EF-9644-628A9AE1A906}.Debug|x86.Build.0 = Debug|Win32
		{5C1508B0-D371-43EF-9644-628A9AE1A906}.Release|x64.ActiveCfg = Release|x64
		{5C1508B0-D371-43EF-9644-628A9AE1A906}.Release|x64.Build.0 = Release|x64
		{5C1508B0-D371-43EF-9644-628A9AE1A906}.Release|x86.ActiveCfg = Release|Win32
		{5C1508B0-D371-43EF-9644-628A9AE1A906}.Release|x86.Build.0 = Release|Win32
		{B8101597-21F3-40FC-86B4-43808FE3FED5}.Debug|x64.ActiveCfg = Debug|x64
		{B8101597-21F3-40FC-86B4-43808FE3FED5}.Debug|x64.Build.0 = Debug|x64
		{B8101597-21F3-40FC-86B4-43808FE3FED5}.Debug|x86.ActiveCfg = Debug|Win32
		{B8101597-21F3-40FC-86B4-43808FE3FED5}.Debug|x86.Build.0 = Debug|Win32
		{B8101597-21F3-40FC-86B4-43808FE3FED5}.Release|x64.ActiveCfg = Release|x64
		{B8101597-21F3-40FC-86B4-43808FE3FED5}.Release|x64.Build.0 = Release|x64
		{B8101597-21F3-40FC-86B4-43808FE3FED5}.Release|x86.ActiveCfg = Release|Win32
		{B8101597-21F3-40FC-86B4-43808FE3FED5}.Release|x86.Build.0 = Release|Win32
		{9528751B-58EA-4999-ABA0-CEDA5058D019}.Debug|x64.ActiveCfg = Debug|x64
		{9528751B-58EA-4999-ABA0-CEDA5058D019}.Debug|x64.Build.0 = Debug|x64
		{9528751B-58EA-4999-ABA0-CEDA5058D019}.Debug|x86.ActiveCfg = Debug|Win32
		{9528751B-58EA-4999-ABA0-CEDA5058D019}.Debug|x86.Build.0 = Debug|Win32
		{9528751B-58EA-4999-ABA0-CEDA5058D019}.Release|x64.ActiveCfg = Release|x64
		{9528751B-58EA-4999-ABA0-CEDA5058D019}.Release|x64.Build.0 = Release|x64
		{9528751B-58EA-4999-ABA0-CEDA5058D019}.Release|x86.ActiveCfg = Release|Win32
		{9528751B-58EA-4999-ABA0-CEDA5058D019}.Release|x86.Build.0 = Release|Win32
		{9360A1CF-BF6C-4293-839B-21AF87C136EA}.Debug|x64.ActiveCfg = Debug|x64
		{9360A1CF-BF6C-4293-839B-21AF87C136EA}.Debug|x64.Build.0 = Debug|x64
		{9360A1CF-BF6C-4293-839B-21AF87C136EA}.Debug|x86.ActiveCfg = Debug|Win32
		{9360A1CF-BF6C-4293-839B-21AF87C136EA}.Debug|x86.Build.0 = Debug|Win32
		{9360A1CF-BF6C-4293-839B-21AF87C136EA}.Release|x64.ActiveCfg = Release|x64
		{9360A1CF-BF6C-4293-839B-21AF87C136EA}.Release|x64.Build.0 = Release|x64
		{9360A1CF-BF6C-4293-839B-21AF87C136EA}.Release|x86.ActiveCfg = Release|Win32
		{9360A1CF-BF6C-4293-839B-21AF87C136EA}.Release|x86.Build.0 = Release|Win32
		{5DE09ACE-D6CB-4D0E-AF4B-C9DB27C38E75}.Debug|x64.ActiveCfg = Debug|x64
		{5DE09ACE-D6CB-4D0E-AF4B-C9DB27C38E75}.Debug|x64.Build.0 = Debug|x64
		{5DE09ACE-D6CB-4D0E-AF4B-C9DB27C38E75}.Debug|x86.ActiveCfg = Debug|Win32
		{5DE09ACE-D6CB-4D0E-AF4B-C9DB27C38E75}.Debug|x86.Build.0 = Debug|Win32
		{5DE09ACE-D6CB-4D0E-AF4B-C9DB27C38E75}.Release|x64.ActiveCfg = Release|x64
		{5DE09ACE-D6CB-4D0E-AF4B-C9DB27C38E75}.Release|x64.Build.0 = Release|x64
		{5DE09ACE-D6CB-4D0E-AF4B-C9DB27C38E75}.Release|x86.ActiveCfg = Release|Win32
		{5DE09ACE-D6CB-4D0E-AF4B-C9DB27C38E75}.Release|x86.Build.0 = Release|Win32
		{A9D817CA-113D-430C-9F14-B0FA928BB5F8}.Debug|x64.ActiveCfg = Debug|x64
		{A9D817CA-113D-430C-9F14-B0FA928BB5F8}.Debug|x64.Build.0 = Debug|x64
		{A9D817CA-113D-430C-9F14-B0FA928BB5F8}.Debug|x86.ActiveCfg = Debug|Win32
		{A9D817CA-113D-430C-9F14-B0FA928BB5F8}.Debug|x86.Build.0 = Debug|Win32
		{A9D817CA-113D-430C-9F14-B0FA928BB5F8}.Release|x64.ActiveCfg = Release|x64
		{A9D817CA-113D-430C-9F14-B0FA928BB5F8}.Release|x64.Build.0 = Release|x64
		{A9D817CA-113D-430C-9F14-B0FA928BB5F8}.Release|x86.ActiveCfg = Release|Win32
		{A9D817CA-113D-430C-9F14-B0FA928BB5F8}.Release|x86.Build.0 = Release|Win32
		{D44C95DC-2CF0-4BE8-BBCA-301AACE53F20}.Debug|x64.ActiveCfg = Debug|x64
		{D44C95DC-2CF0-4BE8-BBCA-301AACE53F20}.Debug|x64.Build.0 = Debug|x64
		{D44C95DC-2CF0-4BE8-BBCA-301AACE53F20}.Debug|x86.ActiveCfg = Debug|Win32
		{D44C95DC-2CF0-4BE8-BBCA-301AACE53F20}.Debug|x86.Build.0 = Debug|Win32
		{D44C95DC-2CF0-4BE8-BBCA-301AACE53F20}.Release|x64.ActiveCfg = Release|x64
		{D44C95DC-2CF0-4BE8-BBCA-301AACE53F20}.Release|x64.Build.0 = Release|x64
		{D44C95DC-2CF0-4BE8-BBCA-301AACE53F20}.Release|x86.ActiveCfg = Release|Win32
		{D44C95DC-2CF0-4BE8-BBCA-301AACE53F20}.Release|x86.Build.0 = Release|Win32
		{41CDEBB2-2905-4A75-9EF9-2A408FCEC0F2}.Debug|x64.ActiveCfg = Debug|x64
		{41CDEBB2-2905-4A75-9EF9-2A408FCEC0F2}.Debug|x64.Build.0 = Debug|x64
		{41CDEBB2-2905-4A75-9EF9-2A408FCEC0F2}.Debug|x86.ActiveCfg = Debug|Win32
		{41CDEBB2-2905-4A75-9EF9-2A408FCEC0F2}.Debug|x86.Build.0 = Debug|Win32
		{41CDEBB2-2905-4A75-9EF9-2A408FCEC0F2}.Release|x64.ActiveCfg = Release|x64
		{41CDEBB2-2905-4A75-9EF9-2A408FCEC0F2}.Release|x64.Build.0 = Release|x64
		{41CDEBB2-2905-4A75-9EF9-2A408FCEC0F2}.Release|x86.ActiveCfg = Release|Win32
		{41CDEBB2-2905-4A75-9EF9-2A408FCEC0F2}.Release|x86.Build.0 = Release|Win32
		{36134564-F5DC-4D7F-998E-8AB3DA6F6FAF}.Debug|x64.ActiveCfg = Debug|x64
		{36134564-F5DC-4D7F-998E-8AB3DA6F6FAF}.Debug|x64.Build.0 = Debug|x64
		{36134564-F5DC-4D7F-998E-8AB3DA6F6FAF}.Debug|x86.ActiveCfg = Debug|Win32
		{36134564-F5DC-4D7F-998E-8AB3DA6F6FAF}.Debug|x86.Build.0 = Debug|Win32
		{36134564-F5DC-4D7F-998E-8AB3DA6F6FAF}.Release|x64.ActiveCfg = Release|x64
		{36134564-F5DC-4D7F-998E-8AB3DA6F6FAF}.Release|x64.Build.0 = Release|x64
		{36134564-F5DC-4D7F-998E-8AB3DA6F6FAF}.Release|x86.ActiveCfg = Release|Win32
		{36134564-F5DC-4D7F-998E-8AB3DA6F6FAF}.Release|x86.Build.0 = Release|Win32
		{68A310DE-7241-4BAD-BC52-BB41C9E36391}.Debug|x64.ActiveCfg = Debug|x64
		{68A310DE-7241-4BAD-BC52-BB41C9E36391}.Debug|x64.Build.0 = Debug|x64
		{68A310DE-7241-4BAD-BC52-BB41C9E36391}.Debug|x86.ActiveCfg = Debug|Win32
		{68A310DE-7241-4BAD-BC52-BB41C9E36391}.Debug|x86.Build.0 = Debug|Win32
		{68A310DE-7241-4BAD-BC52-BB41C9E36391}.Release|x64.ActiveCfg = Release|x64
		{68A310DE-7241-4BAD-BC52-BB41C9E36391}.Release|x64.Build.0 = Release|x64
		{68A310DE-7241-4BAD-BC52-BB41C9E36391}.Release|x86.ActiveCfg = Release|Win32
		{68A310DE-7241-4BAD-BC52-BB41C9E36391}.Release|x86.Build.0 = Release|Win32
		{E9306916-2AC4-443B-B3DC-0A7FB9E46474}.Debug|x64.ActiveCfg = Debug|x64
		{E9306916-2AC4-443B-B3DC-0A7FB9E46474}.Debug|x64.Build.0 = Debug|x64
		{E9306916-2AC4-443B-B3DC-0A7FB9E46474}.Debug|x86.ActiveCfg = Debug|Win32
		{E9306916-2AC4-443B-B3DC-0A7FB9E46474}.Debug|x86.Build.0 = Debug|Win32
		{E9306916-2AC4-443B-B3DC-0A7FB9E46474}.Release|x64.ActiveCfg = Release|x64
		{E9306916-2AC4-443B-B3DC-0A7FB9E46474}.Release|x64.Build.0 = Release|x64
		{E9306916-2AC4-443B-B3DC-0A7FB9E46474}.Release|x86.ActiveCfg = Release|Win32
		{E9306916-2AC4-443B-B3DC-0A7FB9E46474}.Release|x86.Build.0 = Release|Win32
		{A19CF38C-489F-4BB7-9C63-EFB9F08F63FA}.Debug|x64.ActiveCfg = Debug|x64
		{A19CF38C-489F-4BB7-9C63-EFB9F08F63FA}.Debug|x64.Build.0 = Debug|x64
		{A19CF38C-489F-4BB7-9C63-EFB9F08F63FA}.Debug|x86.ActiveCfg = Debug|Win32
		{A19CF38C-489F-4BB7-9C63-EFB9F08F63FA}.Debug|x86.Build.0 = Debug|Win32
		{A19CF38C-489F-4BB7-9C63-EFB9F08F63FA}.Release|x64.ActiveCfg = Release|x64
		{A19CF38C-489F-4BB7-9C63-EFB9F08F63FA}.Release|x64.Build.0 = Release|x64
		{A19CF38C-489F-4BB7-9C63-EFB9F08F63FA}.Release|x86.ActiveCfg = Release|Win32
		{A19CF38C-489F-4BB7-9C63-EFB9F08F63FA}.Release|x86.Build.0 = Release|Win32
		{33B2C28B-798F-4CA2-BAD7-42B22820D5E6}.Debug|x64.ActiveCfg = Debug|x64
		{33B2C28B-798F-4CA2-BAD7-42B22820D5E6}.Debug|x64.Build.0 = Debug|x64
		{33B2C28B-798F-4CA2-BAD7-42B22820D5E6}.Debug|x86.ActiveCfg = Debug|Win32
		{33B2C28B-798F-4CA2-BAD7-42B22820D5E6}.Debug|x86.Build.0 = Debug|Win32
		{33B2C28B-798F-4CA2-BAD7-42B22820D5E6}.Release|x64.ActiveCfg = Release|x64
		{33B2C28B-798F-4CA2-BAD7-42B22820D5E6}.Release|x64.Build.0 = Release|x64
		{33B2C28B-798F-4CA2-BAD7-42B22820D5E6}.Release|x86.ActiveCfg = Release|Win32
		{33B2C28B-798F-4CA2-BAD7-42B22820D5E6}.Release|x86.Build.0 = Release|Win32
	EndGlobalSection
	GlobalSection(SolutionProperties) = preSolution
		HideSolutionNode = FALSE
	EndGlobalSection
	GlobalSection(ExtensibilityGlobals) = postSolution
		SolutionGuid = {7A19C1EB-2084-498C-9AEF-11C3AC419E20}
	EndGlobalSection
EndGlobal
