
Microsoft Visual Studio Solution File, Format Version 12.00
# Visual Studio Version 17
VisualStudioVersion = 17.9.34616.47
MinimumVisualStudioVersion = 10.0.40219.1
Project("{8BC9CEB8-8B4A-11D0-8D11-00A0C91BC942}") = "homework2", "homework2\homework2.vcxproj", "{B713D62B-4601-4910-AB50-B64D0549C244}"
EndProject
Project("{8BC9CEB8-8B4A-11D0-8D11-00A0C91BC942}") = "4-b4-2", "4-b4-2\4-b4-2.vcxproj", "{38EB303E-261F-4996-BA2C-EAC986F96E70}"
EndProject
Project("{8BC9CEB8-8B4A-11D0-8D11-00A0C91BC942}") = "4-b4-1", "4-b4-1\4-b4-1.vcxproj", "{1C663A4C-DB29-4F3A-8351-89BB4F315BB4}"
EndProject
Project("{8BC9CEB8-8B4A-11D0-8D11-00A0C91BC942}") = "w07-c3-s1", "w07-c3-s1\w07-c3-s1.vcxproj", "{7EFD295B-E698-4478-9DA6-E4DD6E3C8147}"
EndProject
Project("{8BC9CEB8-8B4A-11D0-8D11-00A0C91BC942}") = "w07-c3-s2", "w07-c3-s2\w07-c3-s2.vcxproj", "{E51496D4-EC8C-49D4-A869-51353BAEC04E}"
EndProject
Project("{8BC9CEB8-8B4A-11D0-8D11-00A0C91BC942}") = "4-b5", "4-b5\4-b5.vcxproj", "{0ED58510-123A-4B6B-8A7D-74A9C5EDC238}"
EndProject
Project("{8BC9CEB8-8B4A-11D0-8D11-00A0C91BC942}") = "4-b6", "4-b6\4-b6.vcxproj", "{28AF62CC-9A04-4FFA-AE62-5586E91F71F0}"
EndProject
Project("{8BC9CEB8-8B4A-11D0-8D11-00A0C91BC942}") = "4-b7", "4-b7\4-b7.vcxproj", "{0FBDEB9D-E9F5-46D5-86FB-E4BCE739486C}"
EndProject
Project("{8BC9CEB8-8B4A-11D0-8D11-00A0C91BC942}") = "4-b8", "4-b8\4-b8.vcxproj", "{8321BE05-A895-4955-9DC1-A2144D713103}"
EndProject
Project("{8BC9CEB8-8B4A-11D0-8D11-00A0C91BC942}") = "homework2C", "homework2C\homework2C.vcxproj", "{85E767CE-5FE4-4B8B-A942-5DEDF853F377}"
EndProject
Project("{8BC9CEB8-8B4A-11D0-8D11-00A0C91BC942}") = "4-b9", "4-b9\4-b9.vcxproj", "{B1D8117F-2170-4A21-8CC2-95A1D50FBFDB}"
EndProject
Project("{8BC9CEB8-8B4A-11D0-8D11-00A0C91BC942}") = "4-b10", "4-b10\4-b10.vcxproj", "{910E9934-594B-4AA7-A82A-E58806BC9D77}"
EndProject
Project("{8BC9CEB8-8B4A-11D0-8D11-00A0C91BC942}") = "4-b11", "4-b11\4-b11.vcxproj", "{32C8FC2E-B64E-4F76-A2D3-5FB785BE20FB}"
EndProject
Project("{8BC9CEB8-8B4A-11D0-8D11-00A0C91BC942}") = "4-b12", "4-b12\4-b12.vcxproj", "{E589A5C1-4AC7-459D-BA82-E09EADA3A79F}"
EndProject
Project("{8BC9CEB8-8B4A-11D0-8D11-00A0C91BC942}") = "4-b13-1", "4-b13-1\4-b13-1.vcxproj", "{51971235-49D4-4797-85B9-046C5F10B380}"
EndProject
Project("{8BC9CEB8-8B4A-11D0-8D11-00A0C91BC942}") = "4-b13-2", "4-b13-2\4-b13-2.vcxproj", "{F4D64218-8508-4C79-A605-D1349D50E73A}"
EndProject
Global
	GlobalSection(SolutionConfigurationPlatforms) = preSolution
		Debug|x64 = Debug|x64
		Debug|x86 = Debug|x86
		Release|x64 = Release|x64
		Release|x86 = Release|x86
	EndGlobalSection
	GlobalSection(ProjectConfigurationPlatforms) = postSolution
		{B713D62B-4601-4910-AB50-B64D0549C244}.Debug|x64.ActiveCfg = Debug|x64
		{B713D62B-4601-4910-AB50-B64D0549C244}.Debug|x64.Build.0 = Debug|x64
		{B713D62B-4601-4910-AB50-B64D0549C244}.Debug|x86.ActiveCfg = Debug|Win32
		{B713D62B-4601-4910-AB50-B64D0549C244}.Debug|x86.Build.0 = Debug|Win32
		{B713D62B-4601-4910-AB50-B64D0549C244}.Release|x64.ActiveCfg = Release|x64
		{B713D62B-4601-4910-AB50-B64D0549C244}.Release|x64.Build.0 = Release|x64
		{B713D62B-4601-4910-AB50-B64D0549C244}.Release|x86.ActiveCfg = Release|Win32
		{B713D62B-4601-4910-AB50-B64D0549C244}.Release|x86.Build.0 = Release|Win32
		{38EB303E-261F-4996-BA2C-EAC986F96E70}.Debug|x64.ActiveCfg = Debug|x64
		{38EB303E-261F-4996-BA2C-EAC986F96E70}.Debug|x64.Build.0 = Debug|x64
		{38EB303E-261F-4996-BA2C-EAC986F96E70}.Debug|x86.ActiveCfg = Debug|Win32
		{38EB303E-261F-4996-BA2C-EAC986F96E70}.Debug|x86.Build.0 = Debug|Win32
		{38EB303E-261F-4996-BA2C-EAC986F96E70}.Release|x64.ActiveCfg = Release|x64
		{38EB303E-261F-4996-BA2C-EAC986F96E70}.Release|x64.Build.0 = Release|x64
		{38EB303E-261F-4996-BA2C-EAC986F96E70}.Release|x86.ActiveCfg = Release|Win32
		{38EB303E-261F-4996-BA2C-EAC986F96E70}.Release|x86.Build.0 = Release|Win32
		{1C663A4C-DB29-4F3A-8351-89BB4F315BB4}.Debug|x64.ActiveCfg = Debug|x64
		{1C663A4C-DB29-4F3A-8351-89BB4F315BB4}.Debug|x64.Build.0 = Debug|x64
		{1C663A4C-DB29-4F3A-8351-89BB4F315BB4}.Debug|x86.ActiveCfg = Debug|Win32
		{1C663A4C-DB29-4F3A-8351-89BB4F315BB4}.Debug|x86.Build.0 = Debug|Win32
		{1C663A4C-DB29-4F3A-8351-89BB4F315BB4}.Release|x64.ActiveCfg = Release|x64
		{1C663A4C-DB29-4F3A-8351-89BB4F315BB4}.Release|x64.Build.0 = Release|x64
		{1C663A4C-DB29-4F3A-8351-89BB4F315BB4}.Release|x86.ActiveCfg = Release|Win32
		{1C663A4C-DB29-4F3A-8351-89BB4F315BB4}.Release|x86.Build.0 = Release|Win32
		{7EFD295B-E698-4478-9DA6-E4DD6E3C8147}.Debug|x64.ActiveCfg = Debug|x64
		{7EFD295B-E698-4478-9DA6-E4DD6E3C8147}.Debug|x64.Build.0 = Debug|x64
		{7EFD295B-E698-4478-9DA6-E4DD6E3C8147}.Debug|x86.ActiveCfg = Debug|Win32
		{7EFD295B-E698-4478-9DA6-E4DD6E3C8147}.Debug|x86.Build.0 = Debug|Win32
		{7EFD295B-E698-4478-9DA6-E4DD6E3C8147}.Release|x64.ActiveCfg = Release|x64
		{7EFD295B-E698-4478-9DA6-E4DD6E3C8147}.Release|x64.Build.0 = Release|x64
		{7EFD295B-E698-4478-9DA6-E4DD6E3C8147}.Release|x86.ActiveCfg = Release|Win32
		{7EFD295B-E698-4478-9DA6-E4DD6E3C8147}.Release|x86.Build.0 = Release|Win32
		{E51496D4-EC8C-49D4-A869-51353BAEC04E}.Debug|x64.ActiveCfg = Debug|x64
		{E51496D4-EC8C-49D4-A869-51353BAEC04E}.Debug|x64.Build.0 = Debug|x64
		{E51496D4-EC8C-49D4-A869-51353BAEC04E}.Debug|x86.ActiveCfg = Debug|Win32
		{E51496D4-EC8C-49D4-A869-51353BAEC04E}.Debug|x86.Build.0 = Debug|Win32
		{E51496D4-EC8C-49D4-A869-51353BAEC04E}.Release|x64.ActiveCfg = Release|x64
		{E51496D4-EC8C-49D4-A869-51353BAEC04E}.Release|x64.Build.0 = Release|x64
		{E51496D4-EC8C-49D4-A869-51353BAEC04E}.Release|x86.ActiveCfg = Release|Win32
		{E51496D4-EC8C-49D4-A869-51353BAEC04E}.Release|x86.Build.0 = Release|Win32
		{0ED58510-123A-4B6B-8A7D-74A9C5EDC238}.Debug|x64.ActiveCfg = Debug|x64
		{0ED58510-123A-4B6B-8A7D-74A9C5EDC238}.Debug|x64.Build.0 = Debug|x64
		{0ED58510-123A-4B6B-8A7D-74A9C5EDC238}.Debug|x86.ActiveCfg = Debug|Win32
		{0ED58510-123A-4B6B-8A7D-74A9C5EDC238}.Debug|x86.Build.0 = Debug|Win32
		{0ED58510-123A-4B6B-8A7D-74A9C5EDC238}.Release|x64.ActiveCfg = Release|x64
		{0ED58510-123A-4B6B-8A7D-74A9C5EDC238}.Release|x64.Build.0 = Release|x64
		{0ED58510-123A-4B6B-8A7D-74A9C5EDC238}.Release|x86.ActiveCfg = Release|Win32
		{0ED58510-123A-4B6B-8A7D-74A9C5EDC238}.Release|x86.Build.0 = Release|Win32
		{28AF62CC-9A04-4FFA-AE62-5586E91F71F0}.Debug|x64.ActiveCfg = Debug|x64
		{28AF62CC-9A04-4FFA-AE62-5586E91F71F0}.Debug|x64.Build.0 = Debug|x64
		{28AF62CC-9A04-4FFA-AE62-5586E91F71F0}.Debug|x86.ActiveCfg = Debug|Win32
		{28AF62CC-9A04-4FFA-AE62-5586E91F71F0}.Debug|x86.Build.0 = Debug|Win32
		{28AF62CC-9A04-4FFA-AE62-5586E91F71F0}.Release|x64.ActiveCfg = Release|x64
		{28AF62CC-9A04-4FFA-AE62-5586E91F71F0}.Release|x64.Build.0 = Release|x64
		{28AF62CC-9A04-4FFA-AE62-5586E91F71F0}.Release|x86.ActiveCfg = Release|Win32
		{28AF62CC-9A04-4FFA-AE62-5586E91F71F0}.Release|x86.Build.0 = Release|Win32
		{0FBDEB9D-E9F5-46D5-86FB-E4BCE739486C}.Debug|x64.ActiveCfg = Debug|x64
		{0FBDEB9D-E9F5-46D5-86FB-E4BCE739486C}.Debug|x64.Build.0 = Debug|x64
		{0FBDEB9D-E9F5-46D5-86FB-E4BCE739486C}.Debug|x86.ActiveCfg = Debug|Win32
		{0FBDEB9D-E9F5-46D5-86FB-E4BCE739486C}.Debug|x86.Build.0 = Debug|Win32
		{0FBDEB9D-E9F5-46D5-86FB-E4BCE739486C}.Release|x64.ActiveCfg = Release|x64
		{0FBDEB9D-E9F5-46D5-86FB-E4BCE739486C}.Release|x64.Build.0 = Release|x64
		{0FBDEB9D-E9F5-46D5-86FB-E4BCE739486C}.Release|x86.ActiveCfg = Release|Win32
		{0FBDEB9D-E9F5-46D5-86FB-E4BCE739486C}.Release|x86.Build.0 = Release|Win32
		{8321BE05-A895-4955-9DC1-A2144D713103}.Debug|x64.ActiveCfg = Debug|x64
		{8321BE05-A895-4955-9DC1-A2144D713103}.Debug|x64.Build.0 = Debug|x64
		{8321BE05-A895-4955-9DC1-A2144D713103}.Debug|x86.ActiveCfg = Debug|Win32
		{8321BE05-A895-4955-9DC1-A2144D713103}.Debug|x86.Build.0 = Debug|Win32
		{8321BE05-A895-4955-9DC1-A2144D713103}.Release|x64.ActiveCfg = Release|x64
		{8321BE05-A895-4955-9DC1-A2144D713103}.Release|x64.Build.0 = Release|x64
		{8321BE05-A895-4955-9DC1-A2144D713103}.Release|x86.ActiveCfg = Release|Win32
		{8321BE05-A895-4955-9DC1-A2144D713103}.Release|x86.Build.0 = Release|Win32
		{85E767CE-5FE4-4B8B-A942-5DEDF853F377}.Debug|x64.ActiveCfg = Debug|x64
		{85E767CE-5FE4-4B8B-A942-5DEDF853F377}.Debug|x64.Build.0 = Debug|x64
		{85E767CE-5FE4-4B8B-A942-5DEDF853F377}.Debug|x86.ActiveCfg = Debug|Win32
		{85E767CE-5FE4-4B8B-A942-5DEDF853F377}.Debug|x86.Build.0 = Debug|Win32
		{85E767CE-5FE4-4B8B-A942-5DEDF853F377}.Release|x64.ActiveCfg = Release|x64
		{85E767CE-5FE4-4B8B-A942-5DEDF853F377}.Release|x64.Build.0 = Release|x64
		{85E767CE-5FE4-4B8B-A942-5DEDF853F377}.Release|x86.ActiveCfg = Release|Win32
		{85E767CE-5FE4-4B8B-A942-5DEDF853F377}.Release|x86.Build.0 = Release|Win32
		{B1D8117F-2170-4A21-8CC2-95A1D50FBFDB}.Debug|x64.ActiveCfg = Debug|x64
		{B1D8117F-2170-4A21-8CC2-95A1D50FBFDB}.Debug|x64.Build.0 = Debug|x64
		{B1D8117F-2170-4A21-8CC2-95A1D50FBFDB}.Debug|x86.ActiveCfg = Debug|Win32
		{B1D8117F-2170-4A21-8CC2-95A1D50FBFDB}.Debug|x86.Build.0 = Debug|Win32
		{B1D8117F-2170-4A21-8CC2-95A1D50FBFDB}.Release|x64.ActiveCfg = Release|x64
		{B1D8117F-2170-4A21-8CC2-95A1D50FBFDB}.Release|x64.Build.0 = Release|x64
		{B1D8117F-2170-4A21-8CC2-95A1D50FBFDB}.Release|x86.ActiveCfg = Release|Win32
		{B1D8117F-2170-4A21-8CC2-95A1D50FBFDB}.Release|x86.Build.0 = Release|Win32
		{910E9934-594B-4AA7-A82A-E58806BC9D77}.Debug|x64.ActiveCfg = Debug|x64
		{910E9934-594B-4AA7-A82A-E58806BC9D77}.Debug|x64.Build.0 = Debug|x64
		{910E9934-594B-4AA7-A82A-E58806BC9D77}.Debug|x86.ActiveCfg = Debug|Win32
		{910E9934-594B-4AA7-A82A-E58806BC9D77}.Debug|x86.Build.0 = Debug|Win32
		{910E9934-594B-4AA7-A82A-E58806BC9D77}.Release|x64.ActiveCfg = Release|x64
		{910E9934-594B-4AA7-A82A-E58806BC9D77}.Release|x64.Build.0 = Release|x64
		{910E9934-594B-4AA7-A82A-E58806BC9D77}.Release|x86.ActiveCfg = Release|Win32
		{910E9934-594B-4AA7-A82A-E58806BC9D77}.Release|x86.Build.0 = Release|Win32
		{32C8FC2E-B64E-4F76-A2D3-5FB785BE20FB}.Debug|x64.ActiveCfg = Debug|x64
		{32C8FC2E-B64E-4F76-A2D3-5FB785BE20FB}.Debug|x64.Build.0 = Debug|x64
		{32C8FC2E-B64E-4F76-A2D3-5FB785BE20FB}.Debug|x86.ActiveCfg = Debug|Win32
		{32C8FC2E-B64E-4F76-A2D3-5FB785BE20FB}.Debug|x86.Build.0 = Debug|Win32
		{32C8FC2E-B64E-4F76-A2D3-5FB785BE20FB}.Release|x64.ActiveCfg = Release|x64
		{32C8FC2E-B64E-4F76-A2D3-5FB785BE20FB}.Release|x64.Build.0 = Release|x64
		{32C8FC2E-B64E-4F76-A2D3-5FB785BE20FB}.Release|x86.ActiveCfg = Release|Win32
		{32C8FC2E-B64E-4F76-A2D3-5FB785BE20FB}.Release|x86.Build.0 = Release|Win32
		{E589A5C1-4AC7-459D-BA82-E09EADA3A79F}.Debug|x64.ActiveCfg = Debug|x64
		{E589A5C1-4AC7-459D-BA82-E09EADA3A79F}.Debug|x64.Build.0 = Debug|x64
		{E589A5C1-4AC7-459D-BA82-E09EADA3A79F}.Debug|x86.ActiveCfg = Debug|Win32
		{E589A5C1-4AC7-459D-BA82-E09EADA3A79F}.Debug|x86.Build.0 = Debug|Win32
		{E589A5C1-4AC7-459D-BA82-E09EADA3A79F}.Release|x64.ActiveCfg = Release|x64
		{E589A5C1-4AC7-459D-BA82-E09EADA3A79F}.Release|x64.Build.0 = Release|x64
		{E589A5C1-4AC7-459D-BA82-E09EADA3A79F}.Release|x86.ActiveCfg = Release|Win32
		{E589A5C1-4AC7-459D-BA82-E09EADA3A79F}.Release|x86.Build.0 = Release|Win32
		{51971235-49D4-4797-85B9-046C5F10B380}.Debug|x64.ActiveCfg = Debug|x64
		{51971235-49D4-4797-85B9-046C5F10B380}.Debug|x64.Build.0 = Debug|x64
		{51971235-49D4-4797-85B9-046C5F10B380}.Debug|x86.ActiveCfg = Debug|Win32
		{51971235-49D4-4797-85B9-046C5F10B380}.Debug|x86.Build.0 = Debug|Win32
		{51971235-49D4-4797-85B9-046C5F10B380}.Release|x64.ActiveCfg = Release|x64
		{51971235-49D4-4797-85B9-046C5F10B380}.Release|x64.Build.0 = Release|x64
		{51971235-49D4-4797-85B9-046C5F10B380}.Release|x86.ActiveCfg = Release|Win32
		{51971235-49D4-4797-85B9-046C5F10B380}.Release|x86.Build.0 = Release|Win32
		{F4D64218-8508-4C79-A605-D1349D50E73A}.Debug|x64.ActiveCfg = Debug|x64
		{F4D64218-8508-4C79-A605-D1349D50E73A}.Debug|x64.Build.0 = Debug|x64
		{F4D64218-8508-4C79-A605-D1349D50E73A}.Debug|x86.ActiveCfg = Debug|Win32
		{F4D64218-8508-4C79-A605-D1349D50E73A}.Debug|x86.Build.0 = Debug|Win32
		{F4D64218-8508-4C79-A605-D1349D50E73A}.Release|x64.ActiveCfg = Release|x64
		{F4D64218-8508-4C79-A605-D1349D50E73A}.Release|x64.Build.0 = Release|x64
		{F4D64218-8508-4C79-A605-D1349D50E73A}.Release|x86.ActiveCfg = Release|Win32
		{F4D64218-8508-4C79-A605-D1349D50E73A}.Release|x86.Build.0 = Release|Win32
	EndGlobalSection
	GlobalSection(SolutionProperties) = preSolution
		HideSolutionNode = FALSE
	EndGlobalSection
	GlobalSection(ExtensibilityGlobals) = postSolution
		SolutionGuid = {DA76694B-031C-4561-BC9A-331EC14952EF}
	EndGlobalSection
EndGlobal
