
Microsoft Visual Studio Solution File, Format Version 12.00
# Visual Studio Version 17
VisualStudioVersion = 17.9.34616.47
MinimumVisualStudioVersion = 10.0.40219.1
Project("{8BC9CEB8-8B4A-11D0-8D11-00A0C91BC942}") = "homework4", "homework4\homework4.vcxproj", "{893B7951-C06B-4B1D-849A-D920CAF7450A}"
EndProject
Project("{8BC9CEB8-8B4A-11D0-8D11-00A0C91BC942}") = "c", "c\c.vcxproj", "{A74FEEBC-C6BE-41A9-A8C4-409BC3CB3383}"
EndProject
Project("{8BC9CEB8-8B4A-11D0-8D11-00A0C91BC942}") = "w10-c3-s1", "w10-c3-s1\w10-c3-s1.vcxproj", "{E9811B32-E34E-468C-98BE-FAD52F4AAD52}"
EndProject
Project("{8BC9CEB8-8B4A-11D0-8D11-00A0C91BC942}") = "w10-c3-s2", "w10-c3-s2\w10-c3-s2.vcxproj", "{EA5C3240-E1DF-4978-AA4F-CCD7A9A8EC4D}"
EndProject
Project("{8BC9CEB8-8B4A-11D0-8D11-00A0C91BC942}") = "test", "test\test.vcxproj", "{9D828695-4494-41AE-A208-9B2BFE147A2F}"
EndProject
Project("{8BC9CEB8-8B4A-11D0-8D11-00A0C91BC942}") = "5-b11-1", "5-b11-1\5-b11-1.vcxproj", "{F6B2234F-29EC-42DB-AC14-4DC6EA3CF262}"
EndProject
Project("{8BC9CEB8-8B4A-11D0-8D11-00A0C91BC942}") = "5-b11-2", "5-b11-2\5-b11-2.vcxproj", "{CAD75E08-145F-4665-9393-04FCB4045406}"
EndProject
Project("{8BC9CEB8-8B4A-11D0-8D11-00A0C91BC942}") = "5-b12", "5-b12\5-b12.vcxproj", "{FA90C65B-CF7F-4AFF-AFB5-27A40085C690}"
EndProject
Project("{8BC9CEB8-8B4A-11D0-8D11-00A0C91BC942}") = "5-b13", "5-b13\5-b13.vcxproj", "{8A7BD98F-F77E-49A1-8263-1549A9D4F4C8}"
EndProject
Project("{8BC9CEB8-8B4A-11D0-8D11-00A0C91BC942}") = "5-b14", "5-b14\5-b14.vcxproj", "{6D6B7634-369B-4005-94AD-4C57DFE7F9EA}"
EndProject
Global
	GlobalSection(SolutionConfigurationPlatforms) = preSolution
		Debug|x64 = Debug|x64
		Debug|x86 = Debug|x86
		Release|x64 = Release|x64
		Release|x86 = Release|x86
	EndGlobalSection
	GlobalSection(ProjectConfigurationPlatforms) = postSolution
		{893B7951-C06B-4B1D-849A-D920CAF7450A}.Debug|x64.ActiveCfg = Debug|x64
		{893B7951-C06B-4B1D-849A-D920CAF7450A}.Debug|x64.Build.0 = Debug|x64
		{893B7951-C06B-4B1D-849A-D920CAF7450A}.Debug|x86.ActiveCfg = Debug|Win32
		{893B7951-C06B-4B1D-849A-D920CAF7450A}.Debug|x86.Build.0 = Debug|Win32
		{893B7951-C06B-4B1D-849A-D920CAF7450A}.Release|x64.ActiveCfg = Release|x64
		{893B7951-C06B-4B1D-849A-D920CAF7450A}.Release|x64.Build.0 = Release|x64
		{893B7951-C06B-4B1D-849A-D920CAF7450A}.Release|x86.ActiveCfg = Release|Win32
		{893B7951-C06B-4B1D-849A-D920CAF7450A}.Release|x86.Build.0 = Release|Win32
		{A74FEEBC-C6BE-41A9-A8C4-409BC3CB3383}.Debug|x64.ActiveCfg = Debug|x64
		{A74FEEBC-C6BE-41A9-A8C4-409BC3CB3383}.Debug|x64.Build.0 = Debug|x64
		{A74FEEBC-C6BE-41A9-A8C4-409BC3CB3383}.Debug|x86.ActiveCfg = Debug|Win32
		{A74FEEBC-C6BE-41A9-A8C4-409BC3CB3383}.Debug|x86.Build.0 = Debug|Win32
		{A74FEEBC-C6BE-41A9-A8C4-409BC3CB3383}.Release|x64.ActiveCfg = Release|x64
		{A74FEEBC-C6BE-41A9-A8C4-409BC3CB3383}.Release|x64.Build.0 = Release|x64
		{A74FEEBC-C6BE-41A9-A8C4-409BC3CB3383}.Release|x86.ActiveCfg = Release|Win32
		{A74FEEBC-C6BE-41A9-A8C4-409BC3CB3383}.Release|x86.Build.0 = Release|Win32
		{E9811B32-E34E-468C-98BE-FAD52F4AAD52}.Debug|x64.ActiveCfg = Debug|x64
		{E9811B32-E34E-468C-98BE-FAD52F4AAD52}.Debug|x64.Build.0 = Debug|x64
		{E9811B32-E34E-468C-98BE-FAD52F4AAD52}.Debug|x86.ActiveCfg = Debug|Win32
		{E9811B32-E34E-468C-98BE-FAD52F4AAD52}.Debug|x86.Build.0 = Debug|Win32
		{E9811B32-E34E-468C-98BE-FAD52F4AAD52}.Release|x64.ActiveCfg = Release|x64
		{E9811B32-E34E-468C-98BE-FAD52F4AAD52}.Release|x64.Build.0 = Release|x64
		{E9811B32-E34E-468C-98BE-FAD52F4AAD52}.Release|x86.ActiveCfg = Release|Win32
		{E9811B32-E34E-468C-98BE-FAD52F4AAD52}.Release|x86.Build.0 = Release|Win32
		{EA5C3240-E1DF-4978-AA4F-CCD7A9A8EC4D}.Debug|x64.ActiveCfg = Debug|x64
		{EA5C3240-E1DF-4978-AA4F-CCD7A9A8EC4D}.Debug|x64.Build.0 = Debug|x64
		{EA5C3240-E1DF-4978-AA4F-CCD7A9A8EC4D}.Debug|x86.ActiveCfg = Debug|Win32
		{EA5C3240-E1DF-4978-AA4F-CCD7A9A8EC4D}.Debug|x86.Build.0 = Debug|Win32
		{EA5C3240-E1DF-4978-AA4F-CCD7A9A8EC4D}.Release|x64.ActiveCfg = Release|x64
		{EA5C3240-E1DF-4978-AA4F-CCD7A9A8EC4D}.Release|x64.Build.0 = Release|x64
		{EA5C3240-E1DF-4978-AA4F-CCD7A9A8EC4D}.Release|x86.ActiveCfg = Release|Win32
		{EA5C3240-E1DF-4978-AA4F-CCD7A9A8EC4D}.Release|x86.Build.0 = Release|Win32
		{9D828695-4494-41AE-A208-9B2BFE147A2F}.Debug|x64.ActiveCfg = Debug|x64
		{9D828695-4494-41AE-A208-9B2BFE147A2F}.Debug|x64.Build.0 = Debug|x64
		{9D828695-4494-41AE-A208-9B2BFE147A2F}.Debug|x86.ActiveCfg = Debug|Win32
		{9D828695-4494-41AE-A208-9B2BFE147A2F}.Debug|x86.Build.0 = Debug|Win32
		{9D828695-4494-41AE-A208-9B2BFE147A2F}.Release|x64.ActiveCfg = Release|x64
		{9D828695-4494-41AE-A208-9B2BFE147A2F}.Release|x64.Build.0 = Release|x64
		{9D828695-4494-41AE-A208-9B2BFE147A2F}.Release|x86.ActiveCfg = Release|Win32
		{9D828695-4494-41AE-A208-9B2BFE147A2F}.Release|x86.Build.0 = Release|Win32
		{F6B2234F-29EC-42DB-AC14-4DC6EA3CF262}.Debug|x64.ActiveCfg = Debug|x64
		{F6B2234F-29EC-42DB-AC14-4DC6EA3CF262}.Debug|x64.Build.0 = Debug|x64
		{F6B2234F-29EC-42DB-AC14-4DC6EA3CF262}.Debug|x86.ActiveCfg = Debug|Win32
		{F6B2234F-29EC-42DB-AC14-4DC6EA3CF262}.Debug|x86.Build.0 = Debug|Win32
		{F6B2234F-29EC-42DB-AC14-4DC6EA3CF262}.Release|x64.ActiveCfg = Release|x64
		{F6B2234F-29EC-42DB-AC14-4DC6EA3CF262}.Release|x64.Build.0 = Release|x64
		{F6B2234F-29EC-42DB-AC14-4DC6EA3CF262}.Release|x86.ActiveCfg = Release|Win32
		{F6B2234F-29EC-42DB-AC14-4DC6EA3CF262}.Release|x86.Build.0 = Release|Win32
		{CAD75E08-145F-4665-9393-04FCB4045406}.Debug|x64.ActiveCfg = Debug|x64
		{CAD75E08-145F-4665-9393-04FCB4045406}.Debug|x64.Build.0 = Debug|x64
		{CAD75E08-145F-4665-9393-04FCB4045406}.Debug|x86.ActiveCfg = Debug|Win32
		{CAD75E08-145F-4665-9393-04FCB4045406}.Debug|x86.Build.0 = Debug|Win32
		{CAD75E08-145F-4665-9393-04FCB4045406}.Release|x64.ActiveCfg = Release|x64
		{CAD75E08-145F-4665-9393-04FCB4045406}.Release|x64.Build.0 = Release|x64
		{CAD75E08-145F-4665-9393-04FCB4045406}.Release|x86.ActiveCfg = Release|Win32
		{CAD75E08-145F-4665-9393-04FCB4045406}.Release|x86.Build.0 = Release|Win32
		{FA90C65B-CF7F-4AFF-AFB5-27A40085C690}.Debug|x64.ActiveCfg = Debug|x64
		{FA90C65B-CF7F-4AFF-AFB5-27A40085C690}.Debug|x64.Build.0 = Debug|x64
		{FA90C65B-CF7F-4AFF-AFB5-27A40085C690}.Debug|x86.ActiveCfg = Debug|Win32
		{FA90C65B-CF7F-4AFF-AFB5-27A40085C690}.Debug|x86.Build.0 = Debug|Win32
		{FA90C65B-CF7F-4AFF-AFB5-27A40085C690}.Release|x64.ActiveCfg = Release|x64
		{FA90C65B-CF7F-4AFF-AFB5-27A40085C690}.Release|x64.Build.0 = Release|x64
		{FA90C65B-CF7F-4AFF-AFB5-27A40085C690}.Release|x86.ActiveCfg = Release|Win32
		{FA90C65B-CF7F-4AFF-AFB5-27A40085C690}.Release|x86.Build.0 = Release|Win32
		{8A7BD98F-F77E-49A1-8263-1549A9D4F4C8}.Debug|x64.ActiveCfg = Debug|x64
		{8A7BD98F-F77E-49A1-8263-1549A9D4F4C8}.Debug|x64.Build.0 = Debug|x64
		{8A7BD98F-F77E-49A1-8263-1549A9D4F4C8}.Debug|x86.ActiveCfg = Debug|Win32
		{8A7BD98F-F77E-49A1-8263-1549A9D4F4C8}.Debug|x86.Build.0 = Debug|Win32
		{8A7BD98F-F77E-49A1-8263-1549A9D4F4C8}.Release|x64.ActiveCfg = Release|x64
		{8A7BD98F-F77E-49A1-8263-1549A9D4F4C8}.Release|x64.Build.0 = Release|x64
		{8A7BD98F-F77E-49A1-8263-1549A9D4F4C8}.Release|x86.ActiveCfg = Release|Win32
		{8A7BD98F-F77E-49A1-8263-1549A9D4F4C8}.Release|x86.Build.0 = Release|Win32
		{6D6B7634-369B-4005-94AD-4C57DFE7F9EA}.Debug|x64.ActiveCfg = Debug|x64
		{6D6B7634-369B-4005-94AD-4C57DFE7F9EA}.Debug|x64.Build.0 = Debug|x64
		{6D6B7634-369B-4005-94AD-4C57DFE7F9EA}.Debug|x86.ActiveCfg = Debug|Win32
		{6D6B7634-369B-4005-94AD-4C57DFE7F9EA}.Debug|x86.Build.0 = Debug|Win32
		{6D6B7634-369B-4005-94AD-4C57DFE7F9EA}.Release|x64.ActiveCfg = Release|x64
		{6D6B7634-369B-4005-94AD-4C57DFE7F9EA}.Release|x64.Build.0 = Release|x64
		{6D6B7634-369B-4005-94AD-4C57DFE7F9EA}.Release|x86.ActiveCfg = Release|Win32
		{6D6B7634-369B-4005-94AD-4C57DFE7F9EA}.Release|x86.Build.0 = Release|Win32
	EndGlobalSection
	GlobalSection(SolutionProperties) = preSolution
		HideSolutionNode = FALSE
	EndGlobalSection
	GlobalSection(ExtensibilityGlobals) = postSolution
		SolutionGuid = {66F3AD13-C685-45AC-8544-ABA81D86C901}
	EndGlobalSection
EndGlobal
