
Microsoft Visual Studio Solution File, Format Version 12.00
# Visual Studio Version 17
VisualStudioVersion = 17.11.35303.130
MinimumVisualStudioVersion = 10.0.40219.1
Project("{8BC9CEB8-8B4A-11D0-8D11-00A0C91BC942}") = "12-b1-1", "12-b1-1\12-b1-1.vcxproj", "{73DB9EE2-45D0-42D8-821E-0B6C27BAE3CF}"
EndProject
Project("{8BC9CEB8-8B4A-11D0-8D11-00A0C91BC942}") = "12-b1-2", "12-b1-2\12-b1-2.vcxproj", "{8727A425-DE0B-4615-AE63-F2AD58EEEEE3}"
EndProject
Project("{8BC9CEB8-8B4A-11D0-8D11-00A0C91BC942}") = "12-b2", "12-b2\12-b2.vcxproj", "{C070C53C-C88C-474A-91A0-D8D5C98BA727}"
EndProject
Project("{8BC9CEB8-8B4A-11D0-8D11-00A0C91BC942}") = "12-b3", "12-b3\12-b3.vcxproj", "{53D329FC-59BA-4A67-9EF8-4CA9C4B0FCFA}"
EndProject
Project("{8BC9CEB8-8B4A-11D0-8D11-00A0C91BC942}") = "12-b5-1", "12-b5-1\12-b5-1.vcxproj", "{4D0C8786-FBE9-4E1A-858F-BF08DD46F3DC}"
EndProject
Project("{8BC9CEB8-8B4A-11D0-8D11-00A0C91BC942}") = "12-b5-2", "12-b5-2\12-b5-2.vcxproj", "{5AD40434-3C85-4CDD-B72C-A60D535FA78F}"
EndProject
Project("{8BC9CEB8-8B4A-11D0-8D11-00A0C91BC942}") = "test", "test\test.vcxproj", "{00CF67B0-F576-49D2-9955-33D0A858F1C3}"
EndProject
Project("{8BC9CEB8-8B4A-11D0-8D11-00A0C91BC942}") = "12-b6", "12-b6\12-b6.vcxproj", "{C394F3DC-F79C-42C0-95C3-620C095BCF31}"
EndProject
Project("{8BC9CEB8-8B4A-11D0-8D11-00A0C91BC942}") = "test-cct-frame", "test-cct-frame\test-cct-frame.vcxproj", "{6A51AFC8-68F0-4619-92F5-D628E828DEA4}"
EndProject
Global
	GlobalSection(SolutionConfigurationPlatforms) = preSolution
		Debug|x64 = Debug|x64
		Debug|x86 = Debug|x86
		Release|x64 = Release|x64
		Release|x86 = Release|x86
	EndGlobalSection
	GlobalSection(ProjectConfigurationPlatforms) = postSolution
		{73DB9EE2-45D0-42D8-821E-0B6C27BAE3CF}.Debug|x64.ActiveCfg = Debug|x64
		{73DB9EE2-45D0-42D8-821E-0B6C27BAE3CF}.Debug|x64.Build.0 = Debug|x64
		{73DB9EE2-45D0-42D8-821E-0B6C27BAE3CF}.Debug|x86.ActiveCfg = Debug|Win32
		{73DB9EE2-45D0-42D8-821E-0B6C27BAE3CF}.Debug|x86.Build.0 = Debug|Win32
		{73DB9EE2-45D0-42D8-821E-0B6C27BAE3CF}.Release|x64.ActiveCfg = Release|x64
		{73DB9EE2-45D0-42D8-821E-0B6C27BAE3CF}.Release|x64.Build.0 = Release|x64
		{73DB9EE2-45D0-42D8-821E-0B6C27BAE3CF}.Release|x86.ActiveCfg = Release|Win32
		{73DB9EE2-45D0-42D8-821E-0B6C27BAE3CF}.Release|x86.Build.0 = Release|Win32
		{8727A425-DE0B-4615-AE63-F2AD58EEEEE3}.Debug|x64.ActiveCfg = Debug|x64
		{8727A425-DE0B-4615-AE63-F2AD58EEEEE3}.Debug|x64.Build.0 = Debug|x64
		{8727A425-DE0B-4615-AE63-F2AD58EEEEE3}.Debug|x86.ActiveCfg = Debug|Win32
		{8727A425-DE0B-4615-AE63-F2AD58EEEEE3}.Debug|x86.Build.0 = Debug|Win32
		{8727A425-DE0B-4615-AE63-F2AD58EEEEE3}.Release|x64.ActiveCfg = Release|x64
		{8727A425-DE0B-4615-AE63-F2AD58EEEEE3}.Release|x64.Build.0 = Release|x64
		{8727A425-DE0B-4615-AE63-F2AD58EEEEE3}.Release|x86.ActiveCfg = Release|Win32
		{8727A425-DE0B-4615-AE63-F2AD58EEEEE3}.Release|x86.Build.0 = Release|Win32
		{C070C53C-C88C-474A-91A0-D8D5C98BA727}.Debug|x64.ActiveCfg = Debug|x64
		{C070C53C-C88C-474A-91A0-D8D5C98BA727}.Debug|x64.Build.0 = Debug|x64
		{C070C53C-C88C-474A-91A0-D8D5C98BA727}.Debug|x86.ActiveCfg = Debug|Win32
		{C070C53C-C88C-474A-91A0-D8D5C98BA727}.Debug|x86.Build.0 = Debug|Win32
		{C070C53C-C88C-474A-91A0-D8D5C98BA727}.Release|x64.ActiveCfg = Release|x64
		{C070C53C-C88C-474A-91A0-D8D5C98BA727}.Release|x64.Build.0 = Release|x64
		{C070C53C-C88C-474A-91A0-D8D5C98BA727}.Release|x86.ActiveCfg = Release|Win32
		{C070C53C-C88C-474A-91A0-D8D5C98BA727}.Release|x86.Build.0 = Release|Win32
		{53D329FC-59BA-4A67-9EF8-4CA9C4B0FCFA}.Debug|x64.ActiveCfg = Debug|x64
		{53D329FC-59BA-4A67-9EF8-4CA9C4B0FCFA}.Debug|x64.Build.0 = Debug|x64
		{53D329FC-59BA-4A67-9EF8-4CA9C4B0FCFA}.Debug|x86.ActiveCfg = Debug|Win32
		{53D329FC-59BA-4A67-9EF8-4CA9C4B0FCFA}.Debug|x86.Build.0 = Debug|Win32
		{53D329FC-59BA-4A67-9EF8-4CA9C4B0FCFA}.Release|x64.ActiveCfg = Release|x64
		{53D329FC-59BA-4A67-9EF8-4CA9C4B0FCFA}.Release|x64.Build.0 = Release|x64
		{53D329FC-59BA-4A67-9EF8-4CA9C4B0FCFA}.Release|x86.ActiveCfg = Release|Win32
		{53D329FC-59BA-4A67-9EF8-4CA9C4B0FCFA}.Release|x86.Build.0 = Release|Win32
		{4D0C8786-FBE9-4E1A-858F-BF08DD46F3DC}.Debug|x64.ActiveCfg = Debug|x64
		{4D0C8786-FBE9-4E1A-858F-BF08DD46F3DC}.Debug|x64.Build.0 = Debug|x64
		{4D0C8786-FBE9-4E1A-858F-BF08DD46F3DC}.Debug|x86.ActiveCfg = Debug|Win32
		{4D0C8786-FBE9-4E1A-858F-BF08DD46F3DC}.Debug|x86.Build.0 = Debug|Win32
		{4D0C8786-FBE9-4E1A-858F-BF08DD46F3DC}.Release|x64.ActiveCfg = Release|x64
		{4D0C8786-FBE9-4E1A-858F-BF08DD46F3DC}.Release|x64.Build.0 = Release|x64
		{4D0C8786-FBE9-4E1A-858F-BF08DD46F3DC}.Release|x86.ActiveCfg = Release|Win32
		{4D0C8786-FBE9-4E1A-858F-BF08DD46F3DC}.Release|x86.Build.0 = Release|Win32
		{5AD40434-3C85-4CDD-B72C-A60D535FA78F}.Debug|x64.ActiveCfg = Debug|x64
		{5AD40434-3C85-4CDD-B72C-A60D535FA78F}.Debug|x64.Build.0 = Debug|x64
		{5AD40434-3C85-4CDD-B72C-A60D535FA78F}.Debug|x86.ActiveCfg = Debug|Win32
		{5AD40434-3C85-4CDD-B72C-A60D535FA78F}.Debug|x86.Build.0 = Debug|Win32
		{5AD40434-3C85-4CDD-B72C-A60D535FA78F}.Release|x64.ActiveCfg = Release|x64
		{5AD40434-3C85-4CDD-B72C-A60D535FA78F}.Release|x64.Build.0 = Release|x64
		{5AD40434-3C85-4CDD-B72C-A60D535FA78F}.Release|x86.ActiveCfg = Release|Win32
		{5AD40434-3C85-4CDD-B72C-A60D535FA78F}.Release|x86.Build.0 = Release|Win32
		{00CF67B0-F576-49D2-9955-33D0A858F1C3}.Debug|x64.ActiveCfg = Debug|x64
		{00CF67B0-F576-49D2-9955-33D0A858F1C3}.Debug|x64.Build.0 = Debug|x64
		{00CF67B0-F576-49D2-9955-33D0A858F1C3}.Debug|x86.ActiveCfg = Debug|Win32
		{00CF67B0-F576-49D2-9955-33D0A858F1C3}.Debug|x86.Build.0 = Debug|Win32
		{00CF67B0-F576-49D2-9955-33D0A858F1C3}.Release|x64.ActiveCfg = Release|x64
		{00CF67B0-F576-49D2-9955-33D0A858F1C3}.Release|x64.Build.0 = Release|x64
		{00CF67B0-F576-49D2-9955-33D0A858F1C3}.Release|x86.ActiveCfg = Release|Win32
		{00CF67B0-F576-49D2-9955-33D0A858F1C3}.Release|x86.Build.0 = Release|Win32
		{C394F3DC-F79C-42C0-95C3-620C095BCF31}.Debug|x64.ActiveCfg = Debug|x64
		{C394F3DC-F79C-42C0-95C3-620C095BCF31}.Debug|x64.Build.0 = Debug|x64
		{C394F3DC-F79C-42C0-95C3-620C095BCF31}.Debug|x86.ActiveCfg = Debug|Win32
		{C394F3DC-F79C-42C0-95C3-620C095BCF31}.Debug|x86.Build.0 = Debug|Win32
		{C394F3DC-F79C-42C0-95C3-620C095BCF31}.Release|x64.ActiveCfg = Release|x64
		{C394F3DC-F79C-42C0-95C3-620C095BCF31}.Release|x64.Build.0 = Release|x64
		{C394F3DC-F79C-42C0-95C3-620C095BCF31}.Release|x86.ActiveCfg = Release|Win32
		{C394F3DC-F79C-42C0-95C3-620C095BCF31}.Release|x86.Build.0 = Release|Win32
		{6A51AFC8-68F0-4619-92F5-D628E828DEA4}.Debug|x64.ActiveCfg = Debug|x64
		{6A51AFC8-68F0-4619-92F5-D628E828DEA4}.Debug|x64.Build.0 = Debug|x64
		{6A51AFC8-68F0-4619-92F5-D628E828DEA4}.Debug|x86.ActiveCfg = Debug|Win32
		{6A51AFC8-68F0-4619-92F5-D628E828DEA4}.Debug|x86.Build.0 = Debug|Win32
		{6A51AFC8-68F0-4619-92F5-D628E828DEA4}.Release|x64.ActiveCfg = Release|x64
		{6A51AFC8-68F0-4619-92F5-D628E828DEA4}.Release|x64.Build.0 = Release|x64
		{6A51AFC8-68F0-4619-92F5-D628E828DEA4}.Release|x86.ActiveCfg = Release|Win32
		{6A51AFC8-68F0-4619-92F5-D628E828DEA4}.Release|x86.Build.0 = Release|Win32
	EndGlobalSection
	GlobalSection(SolutionProperties) = preSolution
		HideSolutionNode = FALSE
	EndGlobalSection
	GlobalSection(ExtensibilityGlobals) = postSolution
		SolutionGuid = {C9199C07-66C6-4E02-BF42-C139CADF87BD}
	EndGlobalSection
EndGlobal
