
Microsoft Visual Studio Solution File, Format Version 12.00
# Visual Studio Version 17
VisualStudioVersion = 17.9.34616.47
MinimumVisualStudioVersion = 10.0.40219.1
Project("{8BC9CEB8-8B4A-11D0-8D11-00A0C91BC942}") = "4-b18", "4-b18\4-b18.vcxproj", "{CC9087A4-4090-45C0-9628-15BAA728AE86}"
EndProject
Project("{8BC9CEB8-8B4A-11D0-8D11-00A0C91BC942}") = "4-b19", "4-b19\4-b19.vcxproj", "{812BEEC0-8A1D-4C67-A044-A37CE4304716}"
EndProject
Project("{8BC9CEB8-8B4A-11D0-8D11-00A0C91BC942}") = "5-b1", "5-b1\5-b1.vcxproj", "{962EAAD6-63E9-4179-8BEC-7696C3A53DEC}"
EndProject
Project("{8BC9CEB8-8B4A-11D0-8D11-00A0C91BC942}") = "5-b2", "5-b2\5-b2.vcxproj", "{89B36E43-4D6D-4E82-A570-1DB9990D0E6B}"
EndProject
Project("{8BC9CEB8-8B4A-11D0-8D11-00A0C91BC942}") = "5-b3", "5-b3\5-b3.vcxproj", "{023DF861-D113-4033-A5C9-2FB24F0C67FF}"
EndProject
Project("{8BC9CEB8-8B4A-11D0-8D11-00A0C91BC942}") = "5-b4", "5-b4\5-b4.vcxproj", "{A77611A3-E355-422C-B3CC-436C144A15D4}"
EndProject
Project("{8BC9CEB8-8B4A-11D0-8D11-00A0C91BC942}") = "5-b5", "5-b5\5-b5.vcxproj", "{293AD676-7D0F-4B85-8FC1-07BD622093FE}"
EndProject
Project("{8BC9CEB8-8B4A-11D0-8D11-00A0C91BC942}") = "5-b6-1", "5-b6-1\5-b6-1.vcxproj", "{8CCAA445-CD89-40E6-B6CC-B8E4CCBFCAFA}"
EndProject
Project("{8BC9CEB8-8B4A-11D0-8D11-00A0C91BC942}") = "5-b6-2", "5-b6-2\5-b6-2.vcxproj", "{69AA9811-17A8-4E81-BB1A-0C5EF18A4846}"
EndProject
Project("{8BC9CEB8-8B4A-11D0-8D11-00A0C91BC942}") = "5-b7", "5-b7\5-b7.vcxproj", "{81300CB0-771E-4DC2-9A6C-150A7500CB1A}"
EndProject
Project("{8BC9CEB8-8B4A-11D0-8D11-00A0C91BC942}") = "5-b8", "5-b8\5-b8.vcxproj", "{53BC1409-7E9A-4567-8EA2-E2CE35980C74}"
EndProject
Project("{8BC9CEB8-8B4A-11D0-8D11-00A0C91BC942}") = "test", "test\test.vcxproj", "{0AD77228-AF0E-4D12-B7C6-FF9584F704DE}"
EndProject
Project("{8BC9CEB8-8B4A-11D0-8D11-00A0C91BC942}") = "5-b9", "5-b9\5-b9.vcxproj", "{BDEEABA9-2B50-4D8C-A482-EB01F0DD7231}"
EndProject
Project("{8BC9CEB8-8B4A-11D0-8D11-00A0C91BC942}") = "5-b10", "5-b10\5-b10.vcxproj", "{3317BBCE-0B12-4017-8ED3-58A67BA75066}"
EndProject
Global
	GlobalSection(SolutionConfigurationPlatforms) = preSolution
		Debug|x64 = Debug|x64
		Debug|x86 = Debug|x86
		Release|x64 = Release|x64
		Release|x86 = Release|x86
	EndGlobalSection
	GlobalSection(ProjectConfigurationPlatforms) = postSolution
		{CC9087A4-4090-45C0-9628-15BAA728AE86}.Debug|x64.ActiveCfg = Debug|x64
		{CC9087A4-4090-45C0-9628-15BAA728AE86}.Debug|x64.Build.0 = Debug|x64
		{CC9087A4-4090-45C0-9628-15BAA728AE86}.Debug|x86.ActiveCfg = Debug|Win32
		{CC9087A4-4090-45C0-9628-15BAA728AE86}.Debug|x86.Build.0 = Debug|Win32
		{CC9087A4-4090-45C0-9628-15BAA728AE86}.Release|x64.ActiveCfg = Release|x64
		{CC9087A4-4090-45C0-9628-15BAA728AE86}.Release|x64.Build.0 = Release|x64
		{CC9087A4-4090-45C0-9628-15BAA728AE86}.Release|x86.ActiveCfg = Release|Win32
		{CC9087A4-4090-45C0-9628-15BAA728AE86}.Release|x86.Build.0 = Release|Win32
		{812BEEC0-8A1D-4C67-A044-A37CE4304716}.Debug|x64.ActiveCfg = Debug|x64
		{812BEEC0-8A1D-4C67-A044-A37CE4304716}.Debug|x64.Build.0 = Debug|x64
		{812BEEC0-8A1D-4C67-A044-A37CE4304716}.Debug|x86.ActiveCfg = Debug|Win32
		{812BEEC0-8A1D-4C67-A044-A37CE4304716}.Debug|x86.Build.0 = Debug|Win32
		{812BEEC0-8A1D-4C67-A044-A37CE4304716}.Release|x64.ActiveCfg = Release|x64
		{812BEEC0-8A1D-4C67-A044-A37CE4304716}.Release|x64.Build.0 = Release|x64
		{812BEEC0-8A1D-4C67-A044-A37CE4304716}.Release|x86.ActiveCfg = Release|Win32
		{812BEEC0-8A1D-4C67-A044-A37CE4304716}.Release|x86.Build.0 = Release|Win32
		{962EAAD6-63E9-4179-8BEC-7696C3A53DEC}.Debug|x64.ActiveCfg = Debug|x64
		{962EAAD6-63E9-4179-8BEC-7696C3A53DEC}.Debug|x64.Build.0 = Debug|x64
		{962EAAD6-63E9-4179-8BEC-7696C3A53DEC}.Debug|x86.ActiveCfg = Debug|Win32
		{962EAAD6-63E9-4179-8BEC-7696C3A53DEC}.Debug|x86.Build.0 = Debug|Win32
		{962EAAD6-63E9-4179-8BEC-7696C3A53DEC}.Release|x64.ActiveCfg = Release|x64
		{962EAAD6-63E9-4179-8BEC-7696C3A53DEC}.Release|x64.Build.0 = Release|x64
		{962EAAD6-63E9-4179-8BEC-7696C3A53DEC}.Release|x86.ActiveCfg = Release|Win32
		{962EAAD6-63E9-4179-8BEC-7696C3A53DEC}.Release|x86.Build.0 = Release|Win32
		{89B36E43-4D6D-4E82-A570-1DB9990D0E6B}.Debug|x64.ActiveCfg = Debug|x64
		{89B36E43-4D6D-4E82-A570-1DB9990D0E6B}.Debug|x64.Build.0 = Debug|x64
		{89B36E43-4D6D-4E82-A570-1DB9990D0E6B}.Debug|x86.ActiveCfg = Debug|Win32
		{89B36E43-4D6D-4E82-A570-1DB9990D0E6B}.Debug|x86.Build.0 = Debug|Win32
		{89B36E43-4D6D-4E82-A570-1DB9990D0E6B}.Release|x64.ActiveCfg = Release|x64
		{89B36E43-4D6D-4E82-A570-1DB9990D0E6B}.Release|x64.Build.0 = Release|x64
		{89B36E43-4D6D-4E82-A570-1DB9990D0E6B}.Release|x86.ActiveCfg = Release|Win32
		{89B36E43-4D6D-4E82-A570-1DB9990D0E6B}.Release|x86.Build.0 = Release|Win32
		{023DF861-D113-4033-A5C9-2FB24F0C67FF}.Debug|x64.ActiveCfg = Debug|x64
		{023DF861-D113-4033-A5C9-2FB24F0C67FF}.Debug|x64.Build.0 = Debug|x64
		{023DF861-D113-4033-A5C9-2FB24F0C67FF}.Debug|x86.ActiveCfg = Debug|Win32
		{023DF861-D113-4033-A5C9-2FB24F0C67FF}.Debug|x86.Build.0 = Debug|Win32
		{023DF861-D113-4033-A5C9-2FB24F0C67FF}.Release|x64.ActiveCfg = Release|x64
		{023DF861-D113-4033-A5C9-2FB24F0C67FF}.Release|x64.Build.0 = Release|x64
		{023DF861-D113-4033-A5C9-2FB24F0C67FF}.Release|x86.ActiveCfg = Release|Win32
		{023DF861-D113-4033-A5C9-2FB24F0C67FF}.Release|x86.Build.0 = Release|Win32
		{A77611A3-E355-422C-B3CC-436C144A15D4}.Debug|x64.ActiveCfg = Debug|x64
		{A77611A3-E355-422C-B3CC-436C144A15D4}.Debug|x64.Build.0 = Debug|x64
		{A77611A3-E355-422C-B3CC-436C144A15D4}.Debug|x86.ActiveCfg = Debug|Win32
		{A77611A3-E355-422C-B3CC-436C144A15D4}.Debug|x86.Build.0 = Debug|Win32
		{A77611A3-E355-422C-B3CC-436C144A15D4}.Release|x64.ActiveCfg = Release|x64
		{A77611A3-E355-422C-B3CC-436C144A15D4}.Release|x64.Build.0 = Release|x64
		{A77611A3-E355-422C-B3CC-436C144A15D4}.Release|x86.ActiveCfg = Release|Win32
		{A77611A3-E355-422C-B3CC-436C144A15D4}.Release|x86.Build.0 = Release|Win32
		{293AD676-7D0F-4B85-8FC1-07BD622093FE}.Debug|x64.ActiveCfg = Debug|x64
		{293AD676-7D0F-4B85-8FC1-07BD622093FE}.Debug|x64.Build.0 = Debug|x64
		{293AD676-7D0F-4B85-8FC1-07BD622093FE}.Debug|x86.ActiveCfg = Debug|Win32
		{293AD676-7D0F-4B85-8FC1-07BD622093FE}.Debug|x86.Build.0 = Debug|Win32
		{293AD676-7D0F-4B85-8FC1-07BD622093FE}.Release|x64.ActiveCfg = Release|x64
		{293AD676-7D0F-4B85-8FC1-07BD622093FE}.Release|x64.Build.0 = Release|x64
		{293AD676-7D0F-4B85-8FC1-07BD622093FE}.Release|x86.ActiveCfg = Release|Win32
		{293AD676-7D0F-4B85-8FC1-07BD622093FE}.Release|x86.Build.0 = Release|Win32
		{8CCAA445-CD89-40E6-B6CC-B8E4CCBFCAFA}.Debug|x64.ActiveCfg = Debug|x64
		{8CCAA445-CD89-40E6-B6CC-B8E4CCBFCAFA}.Debug|x64.Build.0 = Debug|x64
		{8CCAA445-CD89-40E6-B6CC-B8E4CCBFCAFA}.Debug|x86.ActiveCfg = Debug|Win32
		{8CCAA445-CD89-40E6-B6CC-B8E4CCBFCAFA}.Debug|x86.Build.0 = Debug|Win32
		{8CCAA445-CD89-40E6-B6CC-B8E4CCBFCAFA}.Release|x64.ActiveCfg = Release|x64
		{8CCAA445-CD89-40E6-B6CC-B8E4CCBFCAFA}.Release|x64.Build.0 = Release|x64
		{8CCAA445-CD89-40E6-B6CC-B8E4CCBFCAFA}.Release|x86.ActiveCfg = Release|Win32
		{8CCAA445-CD89-40E6-B6CC-B8E4CCBFCAFA}.Release|x86.Build.0 = Release|Win32
		{69AA9811-17A8-4E81-BB1A-0C5EF18A4846}.Debug|x64.ActiveCfg = Debug|x64
		{69AA9811-17A8-4E81-BB1A-0C5EF18A4846}.Debug|x64.Build.0 = Debug|x64
		{69AA9811-17A8-4E81-BB1A-0C5EF18A4846}.Debug|x86.ActiveCfg = Debug|Win32
		{69AA9811-17A8-4E81-BB1A-0C5EF18A4846}.Debug|x86.Build.0 = Debug|Win32
		{69AA9811-17A8-4E81-BB1A-0C5EF18A4846}.Release|x64.ActiveCfg = Release|x64
		{69AA9811-17A8-4E81-BB1A-0C5EF18A4846}.Release|x64.Build.0 = Release|x64
		{69AA9811-17A8-4E81-BB1A-0C5EF18A4846}.Release|x86.ActiveCfg = Release|Win32
		{69AA9811-17A8-4E81-BB1A-0C5EF18A4846}.Release|x86.Build.0 = Release|Win32
		{81300CB0-771E-4DC2-9A6C-150A7500CB1A}.Debug|x64.ActiveCfg = Debug|x64
		{81300CB0-771E-4DC2-9A6C-150A7500CB1A}.Debug|x64.Build.0 = Debug|x64
		{81300CB0-771E-4DC2-9A6C-150A7500CB1A}.Debug|x86.ActiveCfg = Debug|Win32
		{81300CB0-771E-4DC2-9A6C-150A7500CB1A}.Debug|x86.Build.0 = Debug|Win32
		{81300CB0-771E-4DC2-9A6C-150A7500CB1A}.Release|x64.ActiveCfg = Release|x64
		{81300CB0-771E-4DC2-9A6C-150A7500CB1A}.Release|x64.Build.0 = Release|x64
		{81300CB0-771E-4DC2-9A6C-150A7500CB1A}.Release|x86.ActiveCfg = Release|Win32
		{81300CB0-771E-4DC2-9A6C-150A7500CB1A}.Release|x86.Build.0 = Release|Win32
		{53BC1409-7E9A-4567-8EA2-E2CE35980C74}.Debug|x64.ActiveCfg = Debug|x64
		{53BC1409-7E9A-4567-8EA2-E2CE35980C74}.Debug|x64.Build.0 = Debug|x64
		{53BC1409-7E9A-4567-8EA2-E2CE35980C74}.Debug|x86.ActiveCfg = Debug|Win32
		{53BC1409-7E9A-4567-8EA2-E2CE35980C74}.Debug|x86.Build.0 = Debug|Win32
		{53BC1409-7E9A-4567-8EA2-E2CE35980C74}.Release|x64.ActiveCfg = Release|x64
		{53BC1409-7E9A-4567-8EA2-E2CE35980C74}.Release|x64.Build.0 = Release|x64
		{53BC1409-7E9A-4567-8EA2-E2CE35980C74}.Release|x86.ActiveCfg = Release|Win32
		{53BC1409-7E9A-4567-8EA2-E2CE35980C74}.Release|x86.Build.0 = Release|Win32
		{0AD77228-AF0E-4D12-B7C6-FF9584F704DE}.Debug|x64.ActiveCfg = Debug|x64
		{0AD77228-AF0E-4D12-B7C6-FF9584F704DE}.Debug|x64.Build.0 = Debug|x64
		{0AD77228-AF0E-4D12-B7C6-FF9584F704DE}.Debug|x86.ActiveCfg = Debug|Win32
		{0AD77228-AF0E-4D12-B7C6-FF9584F704DE}.Debug|x86.Build.0 = Debug|Win32
		{0AD77228-AF0E-4D12-B7C6-FF9584F704DE}.Release|x64.ActiveCfg = Release|x64
		{0AD77228-AF0E-4D12-B7C6-FF9584F704DE}.Release|x64.Build.0 = Release|x64
		{0AD77228-AF0E-4D12-B7C6-FF9584F704DE}.Release|x86.ActiveCfg = Release|Win32
		{0AD77228-AF0E-4D12-B7C6-FF9584F704DE}.Release|x86.Build.0 = Release|Win32
		{BDEEABA9-2B50-4D8C-A482-EB01F0DD7231}.Debug|x64.ActiveCfg = Debug|x64
		{BDEEABA9-2B50-4D8C-A482-EB01F0DD7231}.Debug|x64.Build.0 = Debug|x64
		{BDEEABA9-2B50-4D8C-A482-EB01F0DD7231}.Debug|x86.ActiveCfg = Debug|Win32
		{BDEEABA9-2B50-4D8C-A482-EB01F0DD7231}.Debug|x86.Build.0 = Debug|Win32
		{BDEEABA9-2B50-4D8C-A482-EB01F0DD7231}.Release|x64.ActiveCfg = Release|x64
		{BDEEABA9-2B50-4D8C-A482-EB01F0DD7231}.Release|x64.Build.0 = Release|x64
		{BDEEABA9-2B50-4D8C-A482-EB01F0DD7231}.Release|x86.ActiveCfg = Release|Win32
		{BDEEABA9-2B50-4D8C-A482-EB01F0DD7231}.Release|x86.Build.0 = Release|Win32
		{3317BBCE-0B12-4017-8ED3-58A67BA75066}.Debug|x64.ActiveCfg = Debug|x64
		{3317BBCE-0B12-4017-8ED3-58A67BA75066}.Debug|x64.Build.0 = Debug|x64
		{3317BBCE-0B12-4017-8ED3-58A67BA75066}.Debug|x86.ActiveCfg = Debug|Win32
		{3317BBCE-0B12-4017-8ED3-58A67BA75066}.Debug|x86.Build.0 = Debug|Win32
		{3317BBCE-0B12-4017-8ED3-58A67BA75066}.Release|x64.ActiveCfg = Release|x64
		{3317BBCE-0B12-4017-8ED3-58A67BA75066}.Release|x64.Build.0 = Release|x64
		{3317BBCE-0B12-4017-8ED3-58A67BA75066}.Release|x86.ActiveCfg = Release|Win32
		{3317BBCE-0B12-4017-8ED3-58A67BA75066}.Release|x86.Build.0 = Release|Win32
	EndGlobalSection
	GlobalSection(SolutionProperties) = preSolution
		HideSolutionNode = FALSE
	EndGlobalSection
	GlobalSection(ExtensibilityGlobals) = postSolution
		SolutionGuid = {50E87B07-C10F-4076-9313-51E74B435509}
	EndGlobalSection
EndGlobal
