
Microsoft Visual Studio Solution File, Format Version 12.00
# Visual Studio Version 17
VisualStudioVersion = 17.12.35514.174
MinimumVisualStudioVersion = 10.0.40219.1
Project("{8BC9CEB8-8B4A-11D0-8D11-00A0C91BC942}") = "HW4-1", "HW4-1\HW4-1.vcxproj", "{EBC7A63B-ADE5-4F8C-8780-884332550120}"
EndProject
Project("{8BC9CEB8-8B4A-11D0-8D11-00A0C91BC942}") = "HW4-2", "HW4-2\HW4-2.vcxproj", "{F16EE13C-B0B4-41D7-B399-F8344E3FA8A3}"
EndProject
Project("{8BC9CEB8-8B4A-11D0-8D11-00A0C91BC942}") = "HW4-3", "HW4-3\HW4-3.vcxproj", "{8FB5EC5B-E3C7-42EC-AF86-BC2E4902FC43}"
EndProject
Project("{8BC9CEB8-8B4A-11D0-8D11-00A0C91BC942}") = "HW4-4", "HW4-4\HW4-4.vcxproj", "{E82090B8-3771-4B3B-9687-E1975322BBAB}"
EndProject
Project("{8BC9CEB8-8B4A-11D0-8D11-00A0C91BC942}") = "HW4-5", "HW4-5\HW4-5.vcxproj", "{53A6C5BE-6FC5-4BF0-9D5D-BF583A10E123}"
EndProject
Project("{8BC9CEB8-8B4A-11D0-8D11-00A0C91BC942}") = "HW4-6", "HW4-6\HW4-6.vcxproj", "{122B49E2-B467-4642-A99C-5FD81105FCD4}"
EndProject
Project("{8BC9CEB8-8B4A-11D0-8D11-00A0C91BC942}") = "HW4-7", "HW4-7\HW4-7.vcxproj", "{47134B6F-C9B2-45EF-9F3C-18247D99B023}"
EndProject
Global
	GlobalSection(SolutionConfigurationPlatforms) = preSolution
		Debug|x64 = Debug|x64
		Debug|x86 = Debug|x86
		Release|x64 = Release|x64
		Release|x86 = Release|x86
	EndGlobalSection
	GlobalSection(ProjectConfigurationPlatforms) = postSolution
		{EBC7A63B-ADE5-4F8C-8780-884332550120}.Debug|x64.ActiveCfg = Debug|x64
		{EBC7A63B-ADE5-4F8C-8780-884332550120}.Debug|x64.Build.0 = Debug|x64
		{EBC7A63B-ADE5-4F8C-8780-884332550120}.Debug|x86.ActiveCfg = Debug|Win32
		{EBC7A63B-ADE5-4F8C-8780-884332550120}.Debug|x86.Build.0 = Debug|Win32
		{EBC7A63B-ADE5-4F8C-8780-884332550120}.Release|x64.ActiveCfg = Release|x64
		{EBC7A63B-ADE5-4F8C-8780-884332550120}.Release|x64.Build.0 = Release|x64
		{EBC7A63B-ADE5-4F8C-8780-884332550120}.Release|x86.ActiveCfg = Release|Win32
		{EBC7A63B-ADE5-4F8C-8780-884332550120}.Release|x86.Build.0 = Release|Win32
		{F16EE13C-B0B4-41D7-B399-F8344E3FA8A3}.Debug|x64.ActiveCfg = Debug|x64
		{F16EE13C-B0B4-41D7-B399-F8344E3FA8A3}.Debug|x64.Build.0 = Debug|x64
		{F16EE13C-B0B4-41D7-B399-F8344E3FA8A3}.Debug|x86.ActiveCfg = Debug|Win32
		{F16EE13C-B0B4-41D7-B399-F8344E3FA8A3}.Debug|x86.Build.0 = Debug|Win32
		{F16EE13C-B0B4-41D7-B399-F8344E3FA8A3}.Release|x64.ActiveCfg = Release|x64
		{F16EE13C-B0B4-41D7-B399-F8344E3FA8A3}.Release|x64.Build.0 = Release|x64
		{F16EE13C-B0B4-41D7-B399-F8344E3FA8A3}.Release|x86.ActiveCfg = Release|Win32
		{F16EE13C-B0B4-41D7-B399-F8344E3FA8A3}.Release|x86.Build.0 = Release|Win32
		{8FB5EC5B-E3C7-42EC-AF86-BC2E4902FC43}.Debug|x64.ActiveCfg = Debug|x64
		{8FB5EC5B-E3C7-42EC-AF86-BC2E4902FC43}.Debug|x64.Build.0 = Debug|x64
		{8FB5EC5B-E3C7-42EC-AF86-BC2E4902FC43}.Debug|x86.ActiveCfg = Debug|Win32
		{8FB5EC5B-E3C7-42EC-AF86-BC2E4902FC43}.Debug|x86.Build.0 = Debug|Win32
		{8FB5EC5B-E3C7-42EC-AF86-BC2E4902FC43}.Release|x64.ActiveCfg = Release|x64
		{8FB5EC5B-E3C7-42EC-AF86-BC2E4902FC43}.Release|x64.Build.0 = Release|x64
		{8FB5EC5B-E3C7-42EC-AF86-BC2E4902FC43}.Release|x86.ActiveCfg = Release|Win32
		{8FB5EC5B-E3C7-42EC-AF86-BC2E4902FC43}.Release|x86.Build.0 = Release|Win32
		{E82090B8-3771-4B3B-9687-E1975322BBAB}.Debug|x64.ActiveCfg = Debug|x64
		{E82090B8-3771-4B3B-9687-E1975322BBAB}.Debug|x64.Build.0 = Debug|x64
		{E82090B8-3771-4B3B-9687-E1975322BBAB}.Debug|x86.ActiveCfg = Debug|Win32
		{E82090B8-3771-4B3B-9687-E1975322BBAB}.Debug|x86.Build.0 = Debug|Win32
		{E82090B8-3771-4B3B-9687-E1975322BBAB}.Release|x64.ActiveCfg = Release|x64
		{E82090B8-3771-4B3B-9687-E1975322BBAB}.Release|x64.Build.0 = Release|x64
		{E82090B8-3771-4B3B-9687-E1975322BBAB}.Release|x86.ActiveCfg = Release|Win32
		{E82090B8-3771-4B3B-9687-E1975322BBAB}.Release|x86.Build.0 = Release|Win32
		{53A6C5BE-6FC5-4BF0-9D5D-BF583A10E123}.Debug|x64.ActiveCfg = Debug|x64
		{53A6C5BE-6FC5-4BF0-9D5D-BF583A10E123}.Debug|x64.Build.0 = Debug|x64
		{53A6C5BE-6FC5-4BF0-9D5D-BF583A10E123}.Debug|x86.ActiveCfg = Debug|Win32
		{53A6C5BE-6FC5-4BF0-9D5D-BF583A10E123}.Debug|x86.Build.0 = Debug|Win32
		{53A6C5BE-6FC5-4BF0-9D5D-BF583A10E123}.Release|x64.ActiveCfg = Release|x64
		{53A6C5BE-6FC5-4BF0-9D5D-BF583A10E123}.Release|x64.Build.0 = Release|x64
		{53A6C5BE-6FC5-4BF0-9D5D-BF583A10E123}.Release|x86.ActiveCfg = Release|Win32
		{53A6C5BE-6FC5-4BF0-9D5D-BF583A10E123}.Release|x86.Build.0 = Release|Win32
		{122B49E2-B467-4642-A99C-5FD81105FCD4}.Debug|x64.ActiveCfg = Debug|x64
		{122B49E2-B467-4642-A99C-5FD81105FCD4}.Debug|x64.Build.0 = Debug|x64
		{122B49E2-B467-4642-A99C-5FD81105FCD4}.Debug|x86.ActiveCfg = Debug|Win32
		{122B49E2-B467-4642-A99C-5FD81105FCD4}.Debug|x86.Build.0 = Debug|Win32
		{122B49E2-B467-4642-A99C-5FD81105FCD4}.Release|x64.ActiveCfg = Release|x64
		{122B49E2-B467-4642-A99C-5FD81105FCD4}.Release|x64.Build.0 = Release|x64
		{122B49E2-B467-4642-A99C-5FD81105FCD4}.Release|x86.ActiveCfg = Release|Win32
		{122B49E2-B467-4642-A99C-5FD81105FCD4}.Release|x86.Build.0 = Release|Win32
		{47134B6F-C9B2-45EF-9F3C-18247D99B023}.Debug|x64.ActiveCfg = Debug|x64
		{47134B6F-C9B2-45EF-9F3C-18247D99B023}.Debug|x64.Build.0 = Debug|x64
		{47134B6F-C9B2-45EF-9F3C-18247D99B023}.Debug|x86.ActiveCfg = Debug|Win32
		{47134B6F-C9B2-45EF-9F3C-18247D99B023}.Debug|x86.Build.0 = Debug|Win32
		{47134B6F-C9B2-45EF-9F3C-18247D99B023}.Release|x64.ActiveCfg = Release|x64
		{47134B6F-C9B2-45EF-9F3C-18247D99B023}.Release|x64.Build.0 = Release|x64
		{47134B6F-C9B2-45EF-9F3C-18247D99B023}.Release|x86.ActiveCfg = Release|Win32
		{47134B6F-C9B2-45EF-9F3C-18247D99B023}.Release|x86.Build.0 = Release|Win32
	EndGlobalSection
	GlobalSection(SolutionProperties) = preSolution
		HideSolutionNode = FALSE
	EndGlobalSection
EndGlobal
