
Microsoft Visual Studio Solution File, Format Version 12.00
# Visual Studio Version 17
VisualStudioVersion = 17.11.35303.130
MinimumVisualStudioVersion = 10.0.40219.1
Project("{8BC9CEB8-8B4A-11D0-8D11-00A0C91BC942}") = "HW2-1", "HW2-1\HW2-1.vcxproj", "{E570F529-D800-426E-A3C6-E0E794B20AC4}"
EndProject
Project("{8BC9CEB8-8B4A-11D0-8D11-00A0C91BC942}") = "HW2-2", "HW2-2\HW2-2.vcxproj", "{A2E40BDA-FB91-464F-81EE-135E4EFDFE77}"
EndProject
Project("{8BC9CEB8-8B4A-11D0-8D11-00A0C91BC942}") = "HW2-3", "HW2-3\HW2-3.vcxproj", "{637B5CA4-0526-4A95-842B-A485262186FF}"
EndProject
Project("{8BC9CEB8-8B4A-11D0-8D11-00A0C91BC942}") = "HW2-3-DATA", "HW2-3-DATA\HW2-3-DATA.vcxproj", "{5D9F40A1-06F3-4A10-B923-AA64B28C9E17}"
EndProject
Project("{8BC9CEB8-8B4A-11D0-8D11-00A0C91BC942}") = "HW2-4", "HW2-4\HW2-4.vcxproj", "{5A7FEDCB-7D4D-40F9-B95B-8B2C1DB9A9C5}"
EndProject
Project("{8BC9CEB8-8B4A-11D0-8D11-00A0C91BC942}") = "HW2-4-DATA", "HW2-4-DATA\HW2-4-DATA.vcxproj", "{90CEE0D0-851C-467D-A3D9-B98A8F813480}"
EndProject
Project("{8BC9CEB8-8B4A-11D0-8D11-00A0C91BC942}") = "HW2-5", "HW2-5\HW2-5.vcxproj", "{B99E4B3A-4731-494D-8026-D8D0187E9202}"
EndProject
Global
	GlobalSection(SolutionConfigurationPlatforms) = preSolution
		Debug|x64 = Debug|x64
		Debug|x86 = Debug|x86
		Release|x64 = Release|x64
		Release|x86 = Release|x86
	EndGlobalSection
	GlobalSection(ProjectConfigurationPlatforms) = postSolution
		{E570F529-D800-426E-A3C6-E0E794B20AC4}.Debug|x64.ActiveCfg = Debug|x64
		{E570F529-D800-426E-A3C6-E0E794B20AC4}.Debug|x64.Build.0 = Debug|x64
		{E570F529-D800-426E-A3C6-E0E794B20AC4}.Debug|x86.ActiveCfg = Debug|Win32
		{E570F529-D800-426E-A3C6-E0E794B20AC4}.Debug|x86.Build.0 = Debug|Win32
		{E570F529-D800-426E-A3C6-E0E794B20AC4}.Release|x64.ActiveCfg = Release|x64
		{E570F529-D800-426E-A3C6-E0E794B20AC4}.Release|x64.Build.0 = Release|x64
		{E570F529-D800-426E-A3C6-E0E794B20AC4}.Release|x86.ActiveCfg = Release|Win32
		{E570F529-D800-426E-A3C6-E0E794B20AC4}.Release|x86.Build.0 = Release|Win32
		{A2E40BDA-FB91-464F-81EE-135E4EFDFE77}.Debug|x64.ActiveCfg = Debug|x64
		{A2E40BDA-FB91-464F-81EE-135E4EFDFE77}.Debug|x64.Build.0 = Debug|x64
		{A2E40BDA-FB91-464F-81EE-135E4EFDFE77}.Debug|x86.ActiveCfg = Debug|Win32
		{A2E40BDA-FB91-464F-81EE-135E4EFDFE77}.Debug|x86.Build.0 = Debug|Win32
		{A2E40BDA-FB91-464F-81EE-135E4EFDFE77}.Release|x64.ActiveCfg = Release|x64
		{A2E40BDA-FB91-464F-81EE-135E4EFDFE77}.Release|x64.Build.0 = Release|x64
		{A2E40BDA-FB91-464F-81EE-135E4EFDFE77}.Release|x86.ActiveCfg = Release|Win32
		{A2E40BDA-FB91-464F-81EE-135E4EFDFE77}.Release|x86.Build.0 = Release|Win32
		{637B5CA4-0526-4A95-842B-A485262186FF}.Debug|x64.ActiveCfg = Debug|x64
		{637B5CA4-0526-4A95-842B-A485262186FF}.Debug|x64.Build.0 = Debug|x64
		{637B5CA4-0526-4A95-842B-A485262186FF}.Debug|x86.ActiveCfg = Debug|Win32
		{637B5CA4-0526-4A95-842B-A485262186FF}.Debug|x86.Build.0 = Debug|Win32
		{637B5CA4-0526-4A95-842B-A485262186FF}.Release|x64.ActiveCfg = Release|x64
		{637B5CA4-0526-4A95-842B-A485262186FF}.Release|x64.Build.0 = Release|x64
		{637B5CA4-0526-4A95-842B-A485262186FF}.Release|x86.ActiveCfg = Release|Win32
		{637B5CA4-0526-4A95-842B-A485262186FF}.Release|x86.Build.0 = Release|Win32
		{5D9F40A1-06F3-4A10-B923-AA64B28C9E17}.Debug|x64.ActiveCfg = Debug|x64
		{5D9F40A1-06F3-4A10-B923-AA64B28C9E17}.Debug|x64.Build.0 = Debug|x64
		{5D9F40A1-06F3-4A10-B923-AA64B28C9E17}.Debug|x86.ActiveCfg = Debug|Win32
		{5D9F40A1-06F3-4A10-B923-AA64B28C9E17}.Debug|x86.Build.0 = Debug|Win32
		{5D9F40A1-06F3-4A10-B923-AA64B28C9E17}.Release|x64.ActiveCfg = Release|x64
		{5D9F40A1-06F3-4A10-B923-AA64B28C9E17}.Release|x64.Build.0 = Release|x64
		{5D9F40A1-06F3-4A10-B923-AA64B28C9E17}.Release|x86.ActiveCfg = Release|Win32
		{5D9F40A1-06F3-4A10-B923-AA64B28C9E17}.Release|x86.Build.0 = Release|Win32
		{5A7FEDCB-7D4D-40F9-B95B-8B2C1DB9A9C5}.Debug|x64.ActiveCfg = Debug|x64
		{5A7FEDCB-7D4D-40F9-B95B-8B2C1DB9A9C5}.Debug|x64.Build.0 = Debug|x64
		{5A7FEDCB-7D4D-40F9-B95B-8B2C1DB9A9C5}.Debug|x86.ActiveCfg = Debug|Win32
		{5A7FEDCB-7D4D-40F9-B95B-8B2C1DB9A9C5}.Debug|x86.Build.0 = Debug|Win32
		{5A7FEDCB-7D4D-40F9-B95B-8B2C1DB9A9C5}.Release|x64.ActiveCfg = Release|x64
		{5A7FEDCB-7D4D-40F9-B95B-8B2C1DB9A9C5}.Release|x64.Build.0 = Release|x64
		{5A7FEDCB-7D4D-40F9-B95B-8B2C1DB9A9C5}.Release|x86.ActiveCfg = Release|Win32
		{5A7FEDCB-7D4D-40F9-B95B-8B2C1DB9A9C5}.Release|x86.Build.0 = Release|Win32
		{90CEE0D0-851C-467D-A3D9-B98A8F813480}.Debug|x64.ActiveCfg = Debug|x64
		{90CEE0D0-851C-467D-A3D9-B98A8F813480}.Debug|x64.Build.0 = Debug|x64
		{90CEE0D0-851C-467D-A3D9-B98A8F813480}.Debug|x86.ActiveCfg = Debug|Win32
		{90CEE0D0-851C-467D-A3D9-B98A8F813480}.Debug|x86.Build.0 = Debug|Win32
		{90CEE0D0-851C-467D-A3D9-B98A8F813480}.Release|x64.ActiveCfg = Release|x64
		{90CEE0D0-851C-467D-A3D9-B98A8F813480}.Release|x64.Build.0 = Release|x64
		{90CEE0D0-851C-467D-A3D9-B98A8F813480}.Release|x86.ActiveCfg = Release|Win32
		{90CEE0D0-851C-467D-A3D9-B98A8F813480}.Release|x86.Build.0 = Release|Win32
		{B99E4B3A-4731-494D-8026-D8D0187E9202}.Debug|x64.ActiveCfg = Debug|x64
		{B99E4B3A-4731-494D-8026-D8D0187E9202}.Debug|x64.Build.0 = Debug|x64
		{B99E4B3A-4731-494D-8026-D8D0187E9202}.Debug|x86.ActiveCfg = Debug|Win32
		{B99E4B3A-4731-494D-8026-D8D0187E9202}.Debug|x86.Build.0 = Debug|Win32
		{B99E4B3A-4731-494D-8026-D8D0187E9202}.Release|x64.ActiveCfg = Release|x64
		{B99E4B3A-4731-494D-8026-D8D0187E9202}.Release|x64.Build.0 = Release|x64
		{B99E4B3A-4731-494D-8026-D8D0187E9202}.Release|x86.ActiveCfg = Release|Win32
		{B99E4B3A-4731-494D-8026-D8D0187E9202}.Release|x86.Build.0 = Release|Win32
	EndGlobalSection
	GlobalSection(SolutionProperties) = preSolution
		HideSolutionNode = FALSE
	EndGlobalSection
	GlobalSection(ExtensibilityGlobals) = postSolution
		SolutionGuid = {DF8E1544-B47F-4F72-9CB8-CF4F89AA8F75}
	EndGlobalSection
EndGlobal
