
Microsoft Visual Studio Solution File, Format Version 12.00
# Visual Studio Version 17
VisualStudioVersion = 17.9.34616.47
MinimumVisualStudioVersion = 10.0.40219.1
Project("{8BC9CEB8-8B4A-11D0-8D11-00A0C91BC942}") = "week3", "week3\week3.vcxproj", "{62C5B7A0-636F-4C46-830A-AA1EE54D8317}"
EndProject
Project("{8BC9CEB8-8B4A-11D0-8D11-00A0C91BC942}") = "3-b1-2", "3-b1-2\3-b1-2.vcxproj", "{7FF48905-F307-41A6-A723-822532AFB55B}"
EndProject
Project("{8BC9CEB8-8B4A-11D0-8D11-00A0C91BC942}") = "3-b1-1", "3-b1-1\3-b1-1.vcxproj", "{E097A5C6-5D10-49B6-B411-39B9793CAA30}"
EndProject
Project("{8BC9CEB8-8B4A-11D0-8D11-00A0C91BC942}") = "3-b2-2", "3-b2-2\3-b2-2.vcxproj", "{33FF5AE0-78CE-4EFB-90CC-54D6AFFE71EA}"
EndProject
Project("{8BC9CEB8-8B4A-11D0-8D11-00A0C91BC942}") = "3-b4-2", "3-b4-2\3-b4-2.vcxproj", "{52AED3F4-03AF-42CF-9AF3-B59E0E5301F1}"
EndProject
Project("{8BC9CEB8-8B4A-11D0-8D11-00A0C91BC942}") = "c语言特供", "c语言特供\c语言特供.vcxproj", "{00E45C92-E53A-40A5-A9D1-EE90DB45E9D6}"
EndProject
Project("{8BC9CEB8-8B4A-11D0-8D11-00A0C91BC942}") = "3-b2-1", "3-b2-1\3-b2-1.vcxproj", "{1A0EC619-3F04-4E35-BA74-631D09588F59}"
EndProject
Project("{8BC9CEB8-8B4A-11D0-8D11-00A0C91BC942}") = "3-b4-1", "3-b4-1\3-b4-1.vcxproj", "{5F18DB95-0232-4F30-921F-71E15248E88F}"
EndProject
Project("{8BC9CEB8-8B4A-11D0-8D11-00A0C91BC942}") = "3-b3-2", "3-b3-2\3-b3-2.vcxproj", "{AA635B13-2980-45BB-B4A9-0878B1C97D62}"
EndProject
Project("{8BC9CEB8-8B4A-11D0-8D11-00A0C91BC942}") = "3-b3-1", "3-b3-1\3-b3-1.vcxproj", "{B32EAA88-2C30-4570-8E35-38958A36A4EB}"
EndProject
Project("{8BC9CEB8-8B4A-11D0-8D11-00A0C91BC942}") = "3-b5-1", "3-b5-1\3-b5-1.vcxproj", "{1EB0B17E-2D69-403F-B6D7-49BECFC2381E}"
EndProject
Project("{8BC9CEB8-8B4A-11D0-8D11-00A0C91BC942}") = "3-b5-2", "3-b5-2\3-b5-2.vcxproj", "{CFDDAE40-C099-4CE3-990C-2AA2ADB3718D}"
EndProject
Project("{8BC9CEB8-8B4A-11D0-8D11-00A0C91BC942}") = "3-b6-1", "3-b6-1\3-b6-1.vcxproj", "{7B7FD252-3776-4978-97C9-4974C8BE3DA9}"
EndProject
Project("{8BC9CEB8-8B4A-11D0-8D11-00A0C91BC942}") = "3-b6-2", "3-b6-2\3-b6-2.vcxproj", "{3058EDF3-66D8-4E87-BFFD-FA49E3D168F6}"
EndProject
Project("{8BC9CEB8-8B4A-11D0-8D11-00A0C91BC942}") = "3-b7-1", "3-b7-1\3-b7-1.vcxproj", "{4B3E6D01-F06F-445C-93C0-5B9072411770}"
EndProject
Project("{8BC9CEB8-8B4A-11D0-8D11-00A0C91BC942}") = "3-b7-2", "3-b7-2\3-b7-2.vcxproj", "{FAF0595F-B77B-4DEE-A5E5-A4BA33A7FB78}"
EndProject
Project("{8BC9CEB8-8B4A-11D0-8D11-00A0C91BC942}") = "3-b8", "3-b8\3-b8.vcxproj", "{F90AFD2E-9802-45A6-9749-A9130E7C4BC8}"
EndProject
Project("{8BC9CEB8-8B4A-11D0-8D11-00A0C91BC942}") = "3-b9", "3-b9\3-b9.vcxproj", "{19817BF4-813A-4AEA-B6FC-3185AF5B8642}"
EndProject
Project("{8BC9CEB8-8B4A-11D0-8D11-00A0C91BC942}") = "3-b10-1", "3-b10-1\3-b10-1.vcxproj", "{21611D21-F69B-4E1C-81DB-6946B1876E2B}"
EndProject
Project("{8BC9CEB8-8B4A-11D0-8D11-00A0C91BC942}") = "3-b10-2", "3-b10-2\3-b10-2.vcxproj", "{1048E18D-77E3-4431-967F-15D675B9244C}"
EndProject
Project("{8BC9CEB8-8B4A-11D0-8D11-00A0C91BC942}") = "3-b11-1", "3-b11-1\3-b11-1.vcxproj", "{2CD53E0C-8035-479F-8A8A-8B3427EB2CDD}"
EndProject
Project("{8BC9CEB8-8B4A-11D0-8D11-00A0C91BC942}") = "3-b11-2", "3-b11-2\3-b11-2.vcxproj", "{C2F996D1-4D1F-41D6-A345-3616F178A450}"
EndProject
Project("{8BC9CEB8-8B4A-11D0-8D11-00A0C91BC942}") = "3-b11-3", "3-b11-3\3-b11-3.vcxproj", "{B71C0154-80AA-4543-B410-BC1DBA079714}"
EndProject
Project("{8BC9CEB8-8B4A-11D0-8D11-00A0C91BC942}") = "3-b11-4", "3-b11-4\3-b11-4.vcxproj", "{D32C627A-58F5-4124-92AE-FB817105FAF1}"
EndProject
Project("{8BC9CEB8-8B4A-11D0-8D11-00A0C91BC942}") = "3-b11-5", "3-b11-5\3-b11-5.vcxproj", "{FF9270C9-92DE-4437-B087-2852CCBE619C}"
EndProject
Project("{8BC9CEB8-8B4A-11D0-8D11-00A0C91BC942}") = "3-b12-2", "3-b12-2\3-b12-2.vcxproj", "{904CB8BF-27B5-4B08-A97A-6232A77F72D9}"
EndProject
Project("{8BC9CEB8-8B4A-11D0-8D11-00A0C91BC942}") = "3-b12-1", "3-b12-1\3-b12-1.vcxproj", "{3AFFA325-D3B4-4C42-B92F-EC3547A7C4C0}"
EndProject
Project("{8BC9CEB8-8B4A-11D0-8D11-00A0C91BC942}") = "3-b13-1", "3-b13-1\3-b13-1.vcxproj", "{0076B61B-FDED-4A22-A306-BA06C997D596}"
EndProject
Project("{8BC9CEB8-8B4A-11D0-8D11-00A0C91BC942}") = "3-b13-2", "3-b13-2\3-b13-2.vcxproj", "{6D2FF579-E0DF-4492-8922-3B2477ED0570}"
EndProject
Project("{8BC9CEB8-8B4A-11D0-8D11-00A0C91BC942}") = "4-b1", "4-b1\4-b1.vcxproj", "{AF031724-7DAF-4089-8C38-23732F1D4BD4}"
EndProject
Project("{8BC9CEB8-8B4A-11D0-8D11-00A0C91BC942}") = "4-b2-1", "4-b2-1\4-b2-1.vcxproj", "{588E4CAB-912C-4FDE-B66B-521AFA9AED1C}"
EndProject
Project("{8BC9CEB8-8B4A-11D0-8D11-00A0C91BC942}") = "4-b2-2", "4-b2-2\4-b2-2.vcxproj", "{2A42B5C1-8044-4671-B1EB-9B6D300AEF9A}"
EndProject
Project("{8BC9CEB8-8B4A-11D0-8D11-00A0C91BC942}") = "4-b3", "4-b3\4-b3.vcxproj", "{C425D91D-2BCB-4C2F-8E8A-8E0DC1948F42}"
EndProject
Project("{8BC9CEB8-8B4A-11D0-8D11-00A0C91BC942}") = "4-b4-1", "4-b4-1\4-b4-1.vcxproj", "{733E6DD6-661B-4CB9-96A1-4D6916EDD535}"
EndProject
Project("{8BC9CEB8-8B4A-11D0-8D11-00A0C91BC942}") = "4-b4-2", "4-b4-2\4-b4-2.vcxproj", "{5585B8A7-5FA8-438C-8D66-18F2E9A67A6B}"
EndProject
Global
	GlobalSection(SolutionConfigurationPlatforms) = preSolution
		Debug|x64 = Debug|x64
		Debug|x86 = Debug|x86
		Release|x64 = Release|x64
		Release|x86 = Release|x86
	EndGlobalSection
	GlobalSection(ProjectConfigurationPlatforms) = postSolution
		{62C5B7A0-636F-4C46-830A-AA1EE54D8317}.Debug|x64.ActiveCfg = Debug|x64
		{62C5B7A0-636F-4C46-830A-AA1EE54D8317}.Debug|x64.Build.0 = Debug|x64
		{62C5B7A0-636F-4C46-830A-AA1EE54D8317}.Debug|x86.ActiveCfg = Debug|Win32
		{62C5B7A0-636F-4C46-830A-AA1EE54D8317}.Debug|x86.Build.0 = Debug|Win32
		{62C5B7A0-636F-4C46-830A-AA1EE54D8317}.Release|x64.ActiveCfg = Release|x64
		{62C5B7A0-636F-4C46-830A-AA1EE54D8317}.Release|x64.Build.0 = Release|x64
		{62C5B7A0-636F-4C46-830A-AA1EE54D8317}.Release|x86.ActiveCfg = Release|Win32
		{62C5B7A0-636F-4C46-830A-AA1EE54D8317}.Release|x86.Build.0 = Release|Win32
		{7FF48905-F307-41A6-A723-822532AFB55B}.Debug|x64.ActiveCfg = Debug|x64
		{7FF48905-F307-41A6-A723-822532AFB55B}.Debug|x64.Build.0 = Debug|x64
		{7FF48905-F307-41A6-A723-822532AFB55B}.Debug|x86.ActiveCfg = Debug|Win32
		{7FF48905-F307-41A6-A723-822532AFB55B}.Debug|x86.Build.0 = Debug|Win32
		{7FF48905-F307-41A6-A723-822532AFB55B}.Release|x64.ActiveCfg = Release|x64
		{7FF48905-F307-41A6-A723-822532AFB55B}.Release|x64.Build.0 = Release|x64
		{7FF48905-F307-41A6-A723-822532AFB55B}.Release|x86.ActiveCfg = Release|Win32
		{7FF48905-F307-41A6-A723-822532AFB55B}.Release|x86.Build.0 = Release|Win32
		{E097A5C6-5D10-49B6-B411-39B9793CAA30}.Debug|x64.ActiveCfg = Debug|x64
		{E097A5C6-5D10-49B6-B411-39B9793CAA30}.Debug|x64.Build.0 = Debug|x64
		{E097A5C6-5D10-49B6-B411-39B9793CAA30}.Debug|x86.ActiveCfg = Debug|Win32
		{E097A5C6-5D10-49B6-B411-39B9793CAA30}.Debug|x86.Build.0 = Debug|Win32
		{E097A5C6-5D10-49B6-B411-39B9793CAA30}.Release|x64.ActiveCfg = Release|x64
		{E097A5C6-5D10-49B6-B411-39B9793CAA30}.Release|x64.Build.0 = Release|x64
		{E097A5C6-5D10-49B6-B411-39B9793CAA30}.Release|x86.ActiveCfg = Release|Win32
		{E097A5C6-5D10-49B6-B411-39B9793CAA30}.Release|x86.Build.0 = Release|Win32
		{33FF5AE0-78CE-4EFB-90CC-54D6AFFE71EA}.Debug|x64.ActiveCfg = Debug|x64
		{33FF5AE0-78CE-4EFB-90CC-54D6AFFE71EA}.Debug|x64.Build.0 = Debug|x64
		{33FF5AE0-78CE-4EFB-90CC-54D6AFFE71EA}.Debug|x86.ActiveCfg = Debug|Win32
		{33FF5AE0-78CE-4EFB-90CC-54D6AFFE71EA}.Debug|x86.Build.0 = Debug|Win32
		{33FF5AE0-78CE-4EFB-90CC-54D6AFFE71EA}.Release|x64.ActiveCfg = Release|x64
		{33FF5AE0-78CE-4EFB-90CC-54D6AFFE71EA}.Release|x64.Build.0 = Release|x64
		{33FF5AE0-78CE-4EFB-90CC-54D6AFFE71EA}.Release|x86.ActiveCfg = Release|Win32
		{33FF5AE0-78CE-4EFB-90CC-54D6AFFE71EA}.Release|x86.Build.0 = Release|Win32
		{52AED3F4-03AF-42CF-9AF3-B59E0E5301F1}.Debug|x64.ActiveCfg = Debug|x64
		{52AED3F4-03AF-42CF-9AF3-B59E0E5301F1}.Debug|x64.Build.0 = Debug|x64
		{52AED3F4-03AF-42CF-9AF3-B59E0E5301F1}.Debug|x86.ActiveCfg = Debug|Win32
		{52AED3F4-03AF-42CF-9AF3-B59E0E5301F1}.Debug|x86.Build.0 = Debug|Win32
		{52AED3F4-03AF-42CF-9AF3-B59E0E5301F1}.Release|x64.ActiveCfg = Release|x64
		{52AED3F4-03AF-42CF-9AF3-B59E0E5301F1}.Release|x64.Build.0 = Release|x64
		{52AED3F4-03AF-42CF-9AF3-B59E0E5301F1}.Release|x86.ActiveCfg = Release|Win32
		{52AED3F4-03AF-42CF-9AF3-B59E0E5301F1}.Release|x86.Build.0 = Release|Win32
		{00E45C92-E53A-40A5-A9D1-EE90DB45E9D6}.Debug|x64.ActiveCfg = Debug|x64
		{00E45C92-E53A-40A5-A9D1-EE90DB45E9D6}.Debug|x64.Build.0 = Debug|x64
		{00E45C92-E53A-40A5-A9D1-EE90DB45E9D6}.Debug|x86.ActiveCfg = Debug|Win32
		{00E45C92-E53A-40A5-A9D1-EE90DB45E9D6}.Debug|x86.Build.0 = Debug|Win32
		{00E45C92-E53A-40A5-A9D1-EE90DB45E9D6}.Release|x64.ActiveCfg = Release|x64
		{00E45C92-E53A-40A5-A9D1-EE90DB45E9D6}.Release|x64.Build.0 = Release|x64
		{00E45C92-E53A-40A5-A9D1-EE90DB45E9D6}.Release|x86.ActiveCfg = Release|Win32
		{00E45C92-E53A-40A5-A9D1-EE90DB45E9D6}.Release|x86.Build.0 = Release|Win32
		{1A0EC619-3F04-4E35-BA74-631D09588F59}.Debug|x64.ActiveCfg = Debug|x64
		{1A0EC619-3F04-4E35-BA74-631D09588F59}.Debug|x64.Build.0 = Debug|x64
		{1A0EC619-3F04-4E35-BA74-631D09588F59}.Debug|x86.ActiveCfg = Debug|Win32
		{1A0EC619-3F04-4E35-BA74-631D09588F59}.Debug|x86.Build.0 = Debug|Win32
		{1A0EC619-3F04-4E35-BA74-631D09588F59}.Release|x64.ActiveCfg = Release|x64
		{1A0EC619-3F04-4E35-BA74-631D09588F59}.Release|x64.Build.0 = Release|x64
		{1A0EC619-3F04-4E35-BA74-631D09588F59}.Release|x86.ActiveCfg = Release|Win32
		{1A0EC619-3F04-4E35-BA74-631D09588F59}.Release|x86.Build.0 = Release|Win32
		{5F18DB95-0232-4F30-921F-71E15248E88F}.Debug|x64.ActiveCfg = Debug|x64
		{5F18DB95-0232-4F30-921F-71E15248E88F}.Debug|x64.Build.0 = Debug|x64
		{5F18DB95-0232-4F30-921F-71E15248E88F}.Debug|x86.ActiveCfg = Debug|Win32
		{5F18DB95-0232-4F30-921F-71E15248E88F}.Debug|x86.Build.0 = Debug|Win32
		{5F18DB95-0232-4F30-921F-71E15248E88F}.Release|x64.ActiveCfg = Release|x64
		{5F18DB95-0232-4F30-921F-71E15248E88F}.Release|x64.Build.0 = Release|x64
		{5F18DB95-0232-4F30-921F-71E15248E88F}.Release|x86.ActiveCfg = Release|Win32
		{5F18DB95-0232-4F30-921F-71E15248E88F}.Release|x86.Build.0 = Release|Win32
		{AA635B13-2980-45BB-B4A9-0878B1C97D62}.Debug|x64.ActiveCfg = Debug|x64
		{AA635B13-2980-45BB-B4A9-0878B1C97D62}.Debug|x64.Build.0 = Debug|x64
		{AA635B13-2980-45BB-B4A9-0878B1C97D62}.Debug|x86.ActiveCfg = Debug|Win32
		{AA635B13-2980-45BB-B4A9-0878B1C97D62}.Debug|x86.Build.0 = Debug|Win32
		{AA635B13-2980-45BB-B4A9-0878B1C97D62}.Release|x64.ActiveCfg = Release|x64
		{AA635B13-2980-45BB-B4A9-0878B1C97D62}.Release|x64.Build.0 = Release|x64
		{AA635B13-2980-45BB-B4A9-0878B1C97D62}.Release|x86.ActiveCfg = Release|Win32
		{AA635B13-2980-45BB-B4A9-0878B1C97D62}.Release|x86.Build.0 = Release|Win32
		{B32EAA88-2C30-4570-8E35-38958A36A4EB}.Debug|x64.ActiveCfg = Debug|x64
		{B32EAA88-2C30-4570-8E35-38958A36A4EB}.Debug|x64.Build.0 = Debug|x64
		{B32EAA88-2C30-4570-8E35-38958A36A4EB}.Debug|x86.ActiveCfg = Debug|Win32
		{B32EAA88-2C30-4570-8E35-38958A36A4EB}.Debug|x86.Build.0 = Debug|Win32
		{B32EAA88-2C30-4570-8E35-38958A36A4EB}.Release|x64.ActiveCfg = Release|x64
		{B32EAA88-2C30-4570-8E35-38958A36A4EB}.Release|x64.Build.0 = Release|x64
		{B32EAA88-2C30-4570-8E35-38958A36A4EB}.Release|x86.ActiveCfg = Release|Win32
		{B32EAA88-2C30-4570-8E35-38958A36A4EB}.Release|x86.Build.0 = Release|Win32
		{1EB0B17E-2D69-403F-B6D7-49BECFC2381E}.Debug|x64.ActiveCfg = Debug|x64
		{1EB0B17E-2D69-403F-B6D7-49BECFC2381E}.Debug|x64.Build.0 = Debug|x64
		{1EB0B17E-2D69-403F-B6D7-49BECFC2381E}.Debug|x86.ActiveCfg = Debug|Win32
		{1EB0B17E-2D69-403F-B6D7-49BECFC2381E}.Debug|x86.Build.0 = Debug|Win32
		{1EB0B17E-2D69-403F-B6D7-49BECFC2381E}.Release|x64.ActiveCfg = Release|x64
		{1EB0B17E-2D69-403F-B6D7-49BECFC2381E}.Release|x64.Build.0 = Release|x64
		{1EB0B17E-2D69-403F-B6D7-49BECFC2381E}.Release|x86.ActiveCfg = Release|Win32
		{1EB0B17E-2D69-403F-B6D7-49BECFC2381E}.Release|x86.Build.0 = Release|Win32
		{CFDDAE40-C099-4CE3-990C-2AA2ADB3718D}.Debug|x64.ActiveCfg = Debug|x64
		{CFDDAE40-C099-4CE3-990C-2AA2ADB3718D}.Debug|x64.Build.0 = Debug|x64
		{CFDDAE40-C099-4CE3-990C-2AA2ADB3718D}.Debug|x86.ActiveCfg = Debug|Win32
		{CFDDAE40-C099-4CE3-990C-2AA2ADB3718D}.Debug|x86.Build.0 = Debug|Win32
		{CFDDAE40-C099-4CE3-990C-2AA2ADB3718D}.Release|x64.ActiveCfg = Release|x64
		{CFDDAE40-C099-4CE3-990C-2AA2ADB3718D}.Release|x64.Build.0 = Release|x64
		{CFDDAE40-C099-4CE3-990C-2AA2ADB3718D}.Release|x86.ActiveCfg = Release|Win32
		{CFDDAE40-C099-4CE3-990C-2AA2ADB3718D}.Release|x86.Build.0 = Release|Win32
		{7B7FD252-3776-4978-97C9-4974C8BE3DA9}.Debug|x64.ActiveCfg = Debug|x64
		{7B7FD252-3776-4978-97C9-4974C8BE3DA9}.Debug|x64.Build.0 = Debug|x64
		{7B7FD252-3776-4978-97C9-4974C8BE3DA9}.Debug|x86.ActiveCfg = Debug|Win32
		{7B7FD252-3776-4978-97C9-4974C8BE3DA9}.Debug|x86.Build.0 = Debug|Win32
		{7B7FD252-3776-4978-97C9-4974C8BE3DA9}.Release|x64.ActiveCfg = Release|x64
		{7B7FD252-3776-4978-97C9-4974C8BE3DA9}.Release|x64.Build.0 = Release|x64
		{7B7FD252-3776-4978-97C9-4974C8BE3DA9}.Release|x86.ActiveCfg = Release|Win32
		{7B7FD252-3776-4978-97C9-4974C8BE3DA9}.Release|x86.Build.0 = Release|Win32
		{3058EDF3-66D8-4E87-BFFD-FA49E3D168F6}.Debug|x64.ActiveCfg = Debug|x64
		{3058EDF3-66D8-4E87-BFFD-FA49E3D168F6}.Debug|x64.Build.0 = Debug|x64
		{3058EDF3-66D8-4E87-BFFD-FA49E3D168F6}.Debug|x86.ActiveCfg = Debug|Win32
		{3058EDF3-66D8-4E87-BFFD-FA49E3D168F6}.Debug|x86.Build.0 = Debug|Win32
		{3058EDF3-66D8-4E87-BFFD-FA49E3D168F6}.Release|x64.ActiveCfg = Release|x64
		{3058EDF3-66D8-4E87-BFFD-FA49E3D168F6}.Release|x64.Build.0 = Release|x64
		{3058EDF3-66D8-4E87-BFFD-FA49E3D168F6}.Release|x86.ActiveCfg = Release|Win32
		{3058EDF3-66D8-4E87-BFFD-FA49E3D168F6}.Release|x86.Build.0 = Release|Win32
		{4B3E6D01-F06F-445C-93C0-5B9072411770}.Debug|x64.ActiveCfg = Debug|x64
		{4B3E6D01-F06F-445C-93C0-5B9072411770}.Debug|x64.Build.0 = Debug|x64
		{4B3E6D01-F06F-445C-93C0-5B9072411770}.Debug|x86.ActiveCfg = Debug|Win32
		{4B3E6D01-F06F-445C-93C0-5B9072411770}.Debug|x86.Build.0 = Debug|Win32
		{4B3E6D01-F06F-445C-93C0-5B9072411770}.Release|x64.ActiveCfg = Release|x64
		{4B3E6D01-F06F-445C-93C0-5B9072411770}.Release|x64.Build.0 = Release|x64
		{4B3E6D01-F06F-445C-93C0-5B9072411770}.Release|x86.ActiveCfg = Release|Win32
		{4B3E6D01-F06F-445C-93C0-5B9072411770}.Release|x86.Build.0 = Release|Win32
		{FAF0595F-B77B-4DEE-A5E5-A4BA33A7FB78}.Debug|x64.ActiveCfg = Debug|x64
		{FAF0595F-B77B-4DEE-A5E5-A4BA33A7FB78}.Debug|x64.Build.0 = Debug|x64
		{FAF0595F-B77B-4DEE-A5E5-A4BA33A7FB78}.Debug|x86.ActiveCfg = Debug|Win32
		{FAF0595F-B77B-4DEE-A5E5-A4BA33A7FB78}.Debug|x86.Build.0 = Debug|Win32
		{FAF0595F-B77B-4DEE-A5E5-A4BA33A7FB78}.Release|x64.ActiveCfg = Release|x64
		{FAF0595F-B77B-4DEE-A5E5-A4BA33A7FB78}.Release|x64.Build.0 = Release|x64
		{FAF0595F-B77B-4DEE-A5E5-A4BA33A7FB78}.Release|x86.ActiveCfg = Release|Win32
		{FAF0595F-B77B-4DEE-A5E5-A4BA33A7FB78}.Release|x86.Build.0 = Release|Win32
		{F90AFD2E-9802-45A6-9749-A9130E7C4BC8}.Debug|x64.ActiveCfg = Debug|x64
		{F90AFD2E-9802-45A6-9749-A9130E7C4BC8}.Debug|x64.Build.0 = Debug|x64
		{F90AFD2E-9802-45A6-9749-A9130E7C4BC8}.Debug|x86.ActiveCfg = Debug|Win32
		{F90AFD2E-9802-45A6-9749-A9130E7C4BC8}.Debug|x86.Build.0 = Debug|Win32
		{F90AFD2E-9802-45A6-9749-A9130E7C4BC8}.Release|x64.ActiveCfg = Release|x64
		{F90AFD2E-9802-45A6-9749-A9130E7C4BC8}.Release|x64.Build.0 = Release|x64
		{F90AFD2E-9802-45A6-9749-A9130E7C4BC8}.Release|x86.ActiveCfg = Release|Win32
		{F90AFD2E-9802-45A6-9749-A9130E7C4BC8}.Release|x86.Build.0 = Release|Win32
		{19817BF4-813A-4AEA-B6FC-3185AF5B8642}.Debug|x64.ActiveCfg = Debug|x64
		{19817BF4-813A-4AEA-B6FC-3185AF5B8642}.Debug|x64.Build.0 = Debug|x64
		{19817BF4-813A-4AEA-B6FC-3185AF5B8642}.Debug|x86.ActiveCfg = Debug|Win32
		{19817BF4-813A-4AEA-B6FC-3185AF5B8642}.Debug|x86.Build.0 = Debug|Win32
		{19817BF4-813A-4AEA-B6FC-3185AF5B8642}.Release|x64.ActiveCfg = Release|x64
		{19817BF4-813A-4AEA-B6FC-3185AF5B8642}.Release|x64.Build.0 = Release|x64
		{19817BF4-813A-4AEA-B6FC-3185AF5B8642}.Release|x86.ActiveCfg = Release|Win32
		{19817BF4-813A-4AEA-B6FC-3185AF5B8642}.Release|x86.Build.0 = Release|Win32
		{21611D21-F69B-4E1C-81DB-6946B1876E2B}.Debug|x64.ActiveCfg = Debug|x64
		{21611D21-F69B-4E1C-81DB-6946B1876E2B}.Debug|x64.Build.0 = Debug|x64
		{21611D21-F69B-4E1C-81DB-6946B1876E2B}.Debug|x86.ActiveCfg = Debug|Win32
		{21611D21-F69B-4E1C-81DB-6946B1876E2B}.Debug|x86.Build.0 = Debug|Win32
		{21611D21-F69B-4E1C-81DB-6946B1876E2B}.Release|x64.ActiveCfg = Release|x64
		{21611D21-F69B-4E1C-81DB-6946B1876E2B}.Release|x64.Build.0 = Release|x64
		{21611D21-F69B-4E1C-81DB-6946B1876E2B}.Release|x86.ActiveCfg = Release|Win32
		{21611D21-F69B-4E1C-81DB-6946B1876E2B}.Release|x86.Build.0 = Release|Win32
		{1048E18D-77E3-4431-967F-15D675B9244C}.Debug|x64.ActiveCfg = Debug|x64
		{1048E18D-77E3-4431-967F-15D675B9244C}.Debug|x64.Build.0 = Debug|x64
		{1048E18D-77E3-4431-967F-15D675B9244C}.Debug|x86.ActiveCfg = Debug|Win32
		{1048E18D-77E3-4431-967F-15D675B9244C}.Debug|x86.Build.0 = Debug|Win32
		{1048E18D-77E3-4431-967F-15D675B9244C}.Release|x64.ActiveCfg = Release|x64
		{1048E18D-77E3-4431-967F-15D675B9244C}.Release|x64.Build.0 = Release|x64
		{1048E18D-77E3-4431-967F-15D675B9244C}.Release|x86.ActiveCfg = Release|Win32
		{1048E18D-77E3-4431-967F-15D675B9244C}.Release|x86.Build.0 = Release|Win32
		{2CD53E0C-8035-479F-8A8A-8B3427EB2CDD}.Debug|x64.ActiveCfg = Debug|x64
		{2CD53E0C-8035-479F-8A8A-8B3427EB2CDD}.Debug|x64.Build.0 = Debug|x64
		{2CD53E0C-8035-479F-8A8A-8B3427EB2CDD}.Debug|x86.ActiveCfg = Debug|Win32
		{2CD53E0C-8035-479F-8A8A-8B3427EB2CDD}.Debug|x86.Build.0 = Debug|Win32
		{2CD53E0C-8035-479F-8A8A-8B3427EB2CDD}.Release|x64.ActiveCfg = Release|x64
		{2CD53E0C-8035-479F-8A8A-8B3427EB2CDD}.Release|x64.Build.0 = Release|x64
		{2CD53E0C-8035-479F-8A8A-8B3427EB2CDD}.Release|x86.ActiveCfg = Release|Win32
		{2CD53E0C-8035-479F-8A8A-8B3427EB2CDD}.Release|x86.Build.0 = Release|Win32
		{C2F996D1-4D1F-41D6-A345-3616F178A450}.Debug|x64.ActiveCfg = Debug|x64
		{C2F996D1-4D1F-41D6-A345-3616F178A450}.Debug|x64.Build.0 = Debug|x64
		{C2F996D1-4D1F-41D6-A345-3616F178A450}.Debug|x86.ActiveCfg = Debug|Win32
		{C2F996D1-4D1F-41D6-A345-3616F178A450}.Debug|x86.Build.0 = Debug|Win32
		{C2F996D1-4D1F-41D6-A345-3616F178A450}.Release|x64.ActiveCfg = Release|x64
		{C2F996D1-4D1F-41D6-A345-3616F178A450}.Release|x64.Build.0 = Release|x64
		{C2F996D1-4D1F-41D6-A345-3616F178A450}.Release|x86.ActiveCfg = Release|Win32
		{C2F996D1-4D1F-41D6-A345-3616F178A450}.Release|x86.Build.0 = Release|Win32
		{B71C0154-80AA-4543-B410-BC1DBA079714}.Debug|x64.ActiveCfg = Debug|x64
		{B71C0154-80AA-4543-B410-BC1DBA079714}.Debug|x64.Build.0 = Debug|x64
		{B71C0154-80AA-4543-B410-BC1DBA079714}.Debug|x86.ActiveCfg = Debug|Win32
		{B71C0154-80AA-4543-B410-BC1DBA079714}.Debug|x86.Build.0 = Debug|Win32
		{B71C0154-80AA-4543-B410-BC1DBA079714}.Release|x64.ActiveCfg = Release|x64
		{B71C0154-80AA-4543-B410-BC1DBA079714}.Release|x64.Build.0 = Release|x64
		{B71C0154-80AA-4543-B410-BC1DBA079714}.Release|x86.ActiveCfg = Release|Win32
		{B71C0154-80AA-4543-B410-BC1DBA079714}.Release|x86.Build.0 = Release|Win32
		{D32C627A-58F5-4124-92AE-FB817105FAF1}.Debug|x64.ActiveCfg = Debug|x64
		{D32C627A-58F5-4124-92AE-FB817105FAF1}.Debug|x64.Build.0 = Debug|x64
		{D32C627A-58F5-4124-92AE-FB817105FAF1}.Debug|x86.ActiveCfg = Debug|Win32
		{D32C627A-58F5-4124-92AE-FB817105FAF1}.Debug|x86.Build.0 = Debug|Win32
		{D32C627A-58F5-4124-92AE-FB817105FAF1}.Release|x64.ActiveCfg = Release|x64
		{D32C627A-58F5-4124-92AE-FB817105FAF1}.Release|x64.Build.0 = Release|x64
		{D32C627A-58F5-4124-92AE-FB817105FAF1}.Release|x86.ActiveCfg = Release|Win32
		{D32C627A-58F5-4124-92AE-FB817105FAF1}.Release|x86.Build.0 = Release|Win32
		{FF9270C9-92DE-4437-B087-2852CCBE619C}.Debug|x64.ActiveCfg = Debug|x64
		{FF9270C9-92DE-4437-B087-2852CCBE619C}.Debug|x64.Build.0 = Debug|x64
		{FF9270C9-92DE-4437-B087-2852CCBE619C}.Debug|x86.ActiveCfg = Debug|Win32
		{FF9270C9-92DE-4437-B087-2852CCBE619C}.Debug|x86.Build.0 = Debug|Win32
		{FF9270C9-92DE-4437-B087-2852CCBE619C}.Release|x64.ActiveCfg = Release|x64
		{FF9270C9-92DE-4437-B087-2852CCBE619C}.Release|x64.Build.0 = Release|x64
		{FF9270C9-92DE-4437-B087-2852CCBE619C}.Release|x86.ActiveCfg = Release|Win32
		{FF9270C9-92DE-4437-B087-2852CCBE619C}.Release|x86.Build.0 = Release|Win32
		{904CB8BF-27B5-4B08-A97A-6232A77F72D9}.Debug|x64.ActiveCfg = Debug|x64
		{904CB8BF-27B5-4B08-A97A-6232A77F72D9}.Debug|x64.Build.0 = Debug|x64
		{904CB8BF-27B5-4B08-A97A-6232A77F72D9}.Debug|x86.ActiveCfg = Debug|Win32
		{904CB8BF-27B5-4B08-A97A-6232A77F72D9}.Debug|x86.Build.0 = Debug|Win32
		{904CB8BF-27B5-4B08-A97A-6232A77F72D9}.Release|x64.ActiveCfg = Release|x64
		{904CB8BF-27B5-4B08-A97A-6232A77F72D9}.Release|x64.Build.0 = Release|x64
		{904CB8BF-27B5-4B08-A97A-6232A77F72D9}.Release|x86.ActiveCfg = Release|Win32
		{904CB8BF-27B5-4B08-A97A-6232A77F72D9}.Release|x86.Build.0 = Release|Win32
		{3AFFA325-D3B4-4C42-B92F-EC3547A7C4C0}.Debug|x64.ActiveCfg = Debug|x64
		{3AFFA325-D3B4-4C42-B92F-EC3547A7C4C0}.Debug|x64.Build.0 = Debug|x64
		{3AFFA325-D3B4-4C42-B92F-EC3547A7C4C0}.Debug|x86.ActiveCfg = Debug|Win32
		{3AFFA325-D3B4-4C42-B92F-EC3547A7C4C0}.Debug|x86.Build.0 = Debug|Win32
		{3AFFA325-D3B4-4C42-B92F-EC3547A7C4C0}.Release|x64.ActiveCfg = Release|x64
		{3AFFA325-D3B4-4C42-B92F-EC3547A7C4C0}.Release|x64.Build.0 = Release|x64
		{3AFFA325-D3B4-4C42-B92F-EC3547A7C4C0}.Release|x86.ActiveCfg = Release|Win32
		{3AFFA325-D3B4-4C42-B92F-EC3547A7C4C0}.Release|x86.Build.0 = Release|Win32
		{0076B61B-FDED-4A22-A306-BA06C997D596}.Debug|x64.ActiveCfg = Debug|x64
		{0076B61B-FDED-4A22-A306-BA06C997D596}.Debug|x64.Build.0 = Debug|x64
		{0076B61B-FDED-4A22-A306-BA06C997D596}.Debug|x86.ActiveCfg = Debug|Win32
		{0076B61B-FDED-4A22-A306-BA06C997D596}.Debug|x86.Build.0 = Debug|Win32
		{0076B61B-FDED-4A22-A306-BA06C997D596}.Release|x64.ActiveCfg = Release|x64
		{0076B61B-FDED-4A22-A306-BA06C997D596}.Release|x64.Build.0 = Release|x64
		{0076B61B-FDED-4A22-A306-BA06C997D596}.Release|x86.ActiveCfg = Release|Win32
		{0076B61B-FDED-4A22-A306-BA06C997D596}.Release|x86.Build.0 = Release|Win32
		{6D2FF579-E0DF-4492-8922-3B2477ED0570}.Debug|x64.ActiveCfg = Debug|x64
		{6D2FF579-E0DF-4492-8922-3B2477ED0570}.Debug|x64.Build.0 = Debug|x64
		{6D2FF579-E0DF-4492-8922-3B2477ED0570}.Debug|x86.ActiveCfg = Debug|Win32
		{6D2FF579-E0DF-4492-8922-3B2477ED0570}.Debug|x86.Build.0 = Debug|Win32
		{6D2FF579-E0DF-4492-8922-3B2477ED0570}.Release|x64.ActiveCfg = Release|x64
		{6D2FF579-E0DF-4492-8922-3B2477ED0570}.Release|x64.Build.0 = Release|x64
		{6D2FF579-E0DF-4492-8922-3B2477ED0570}.Release|x86.ActiveCfg = Release|Win32
		{6D2FF579-E0DF-4492-8922-3B2477ED0570}.Release|x86.Build.0 = Release|Win32
		{AF031724-7DAF-4089-8C38-23732F1D4BD4}.Debug|x64.ActiveCfg = Debug|x64
		{AF031724-7DAF-4089-8C38-23732F1D4BD4}.Debug|x64.Build.0 = Debug|x64
		{AF031724-7DAF-4089-8C38-23732F1D4BD4}.Debug|x86.ActiveCfg = Debug|Win32
		{AF031724-7DAF-4089-8C38-23732F1D4BD4}.Debug|x86.Build.0 = Debug|Win32
		{AF031724-7DAF-4089-8C38-23732F1D4BD4}.Release|x64.ActiveCfg = Release|x64
		{AF031724-7DAF-4089-8C38-23732F1D4BD4}.Release|x64.Build.0 = Release|x64
		{AF031724-7DAF-4089-8C38-23732F1D4BD4}.Release|x86.ActiveCfg = Release|Win32
		{AF031724-7DAF-4089-8C38-23732F1D4BD4}.Release|x86.Build.0 = Release|Win32
		{588E4CAB-912C-4FDE-B66B-521AFA9AED1C}.Debug|x64.ActiveCfg = Debug|x64
		{588E4CAB-912C-4FDE-B66B-521AFA9AED1C}.Debug|x64.Build.0 = Debug|x64
		{588E4CAB-912C-4FDE-B66B-521AFA9AED1C}.Debug|x86.ActiveCfg = Debug|Win32
		{588E4CAB-912C-4FDE-B66B-521AFA9AED1C}.Debug|x86.Build.0 = Debug|Win32
		{588E4CAB-912C-4FDE-B66B-521AFA9AED1C}.Release|x64.ActiveCfg = Release|x64
		{588E4CAB-912C-4FDE-B66B-521AFA9AED1C}.Release|x64.Build.0 = Release|x64
		{588E4CAB-912C-4FDE-B66B-521AFA9AED1C}.Release|x86.ActiveCfg = Release|Win32
		{588E4CAB-912C-4FDE-B66B-521AFA9AED1C}.Release|x86.Build.0 = Release|Win32
		{2A42B5C1-8044-4671-B1EB-9B6D300AEF9A}.Debug|x64.ActiveCfg = Debug|x64
		{2A42B5C1-8044-4671-B1EB-9B6D300AEF9A}.Debug|x64.Build.0 = Debug|x64
		{2A42B5C1-8044-4671-B1EB-9B6D300AEF9A}.Debug|x86.ActiveCfg = Debug|Win32
		{2A42B5C1-8044-4671-B1EB-9B6D300AEF9A}.Debug|x86.Build.0 = Debug|Win32
		{2A42B5C1-8044-4671-B1EB-9B6D300AEF9A}.Release|x64.ActiveCfg = Release|x64
		{2A42B5C1-8044-4671-B1EB-9B6D300AEF9A}.Release|x64.Build.0 = Release|x64
		{2A42B5C1-8044-4671-B1EB-9B6D300AEF9A}.Release|x86.ActiveCfg = Release|Win32
		{2A42B5C1-8044-4671-B1EB-9B6D300AEF9A}.Release|x86.Build.0 = Release|Win32
		{C425D91D-2BCB-4C2F-8E8A-8E0DC1948F42}.Debug|x64.ActiveCfg = Debug|x64
		{C425D91D-2BCB-4C2F-8E8A-8E0DC1948F42}.Debug|x64.Build.0 = Debug|x64
		{C425D91D-2BCB-4C2F-8E8A-8E0DC1948F42}.Debug|x86.ActiveCfg = Debug|Win32
		{C425D91D-2BCB-4C2F-8E8A-8E0DC1948F42}.Debug|x86.Build.0 = Debug|Win32
		{C425D91D-2BCB-4C2F-8E8A-8E0DC1948F42}.Release|x64.ActiveCfg = Release|x64
		{C425D91D-2BCB-4C2F-8E8A-8E0DC1948F42}.Release|x64.Build.0 = Release|x64
		{C425D91D-2BCB-4C2F-8E8A-8E0DC1948F42}.Release|x86.ActiveCfg = Release|Win32
		{C425D91D-2BCB-4C2F-8E8A-8E0DC1948F42}.Release|x86.Build.0 = Release|Win32
		{733E6DD6-661B-4CB9-96A1-4D6916EDD535}.Debug|x64.ActiveCfg = Debug|x64
		{733E6DD6-661B-4CB9-96A1-4D6916EDD535}.Debug|x64.Build.0 = Debug|x64
		{733E6DD6-661B-4CB9-96A1-4D6916EDD535}.Debug|x86.ActiveCfg = Debug|Win32
		{733E6DD6-661B-4CB9-96A1-4D6916EDD535}.Debug|x86.Build.0 = Debug|Win32
		{733E6DD6-661B-4CB9-96A1-4D6916EDD535}.Release|x64.ActiveCfg = Release|x64
		{733E6DD6-661B-4CB9-96A1-4D6916EDD535}.Release|x64.Build.0 = Release|x64
		{733E6DD6-661B-4CB9-96A1-4D6916EDD535}.Release|x86.ActiveCfg = Release|Win32
		{733E6DD6-661B-4CB9-96A1-4D6916EDD535}.Release|x86.Build.0 = Release|Win32
		{5585B8A7-5FA8-438C-8D66-18F2E9A67A6B}.Debug|x64.ActiveCfg = Debug|x64
		{5585B8A7-5FA8-438C-8D66-18F2E9A67A6B}.Debug|x64.Build.0 = Debug|x64
		{5585B8A7-5FA8-438C-8D66-18F2E9A67A6B}.Debug|x86.ActiveCfg = Debug|Win32
		{5585B8A7-5FA8-438C-8D66-18F2E9A67A6B}.Debug|x86.Build.0 = Debug|Win32
		{5585B8A7-5FA8-438C-8D66-18F2E9A67A6B}.Release|x64.ActiveCfg = Release|x64
		{5585B8A7-5FA8-438C-8D66-18F2E9A67A6B}.Release|x64.Build.0 = Release|x64
		{5585B8A7-5FA8-438C-8D66-18F2E9A67A6B}.Release|x86.ActiveCfg = Release|Win32
		{5585B8A7-5FA8-438C-8D66-18F2E9A67A6B}.Release|x86.Build.0 = Release|Win32
	EndGlobalSection
	GlobalSection(SolutionProperties) = preSolution
		HideSolutionNode = FALSE
	EndGlobalSection
	GlobalSection(ExtensibilityGlobals) = postSolution
		SolutionGuid = {85ACBCDB-4871-4B0D-B705-47FA1988A3F3}
	EndGlobalSection
EndGlobal
